// !$*UTF8*$!
{
	archiveVersion = 1;
	classes = {
	};
	objectVersion = 46;
	objects = {

/* Begin PBXBuildFile section */
		210891501C8D86CF00F8DD80 /* Timelinemodel.m in Sources */ = {isa = PBXBuildFile; fileRef = 2108914F1C8D86CF00F8DD80 /* Timelinemodel.m */; };
		210891541C8D86EA00F8DD80 /* TimelineTableViewCell.m in Sources */ = {isa = PBXBuildFile; fileRef = 210891531C8D86EA00F8DD80 /* TimelineTableViewCell.m */; };
		210891571C8D870700F8DD80 /* QuestionTableViewCell.m in Sources */ = {isa = PBXBuildFile; fileRef = 210891561C8D870700F8DD80 /* QuestionTableViewCell.m */; };
		2108915A1C8D871500F8DD80 /* WishTableViewCell.m in Sources */ = {isa = PBXBuildFile; fileRef = 210891591C8D871500F8DD80 /* WishTableViewCell.m */; };
		2108915D1C8D872500F8DD80 /* Wishmodel.m in Sources */ = {isa = PBXBuildFile; fileRef = 2108915C1C8D872500F8DD80 /* Wishmodel.m */; };
		210891601C8D873900F8DD80 /* Questionmodel.m in Sources */ = {isa = PBXBuildFile; fileRef = 2108915F1C8D873900F8DD80 /* Questionmodel.m */; };
		210891631C8D879000F8DD80 /* ActiviTableViewCell.m in Sources */ = {isa = PBXBuildFile; fileRef = 210891621C8D879000F8DD80 /* ActiviTableViewCell.m */; };
		210891661C8FAFDA00F8DD80 /* MasterTableViewCell.m in Sources */ = {isa = PBXBuildFile; fileRef = 210891651C8FAFDA00F8DD80 /* MasterTableViewCell.m */; };
		210891681C8FD09600F8DD80 /* smartemple-logo.png in Resources */ = {isa = PBXBuildFile; fileRef = 210891671C8FD09600F8DD80 /* smartemple-logo.png */; };
		210891861C8FD36000F8DD80 /* 3x.png in Resources */ = {isa = PBXBuildFile; fileRef = 210891751C8FD36000F8DD80 /* 3x.png */; };
		2108918C1C8FD64800F8DD80 /* follow-selected@2x.png in Resources */ = {isa = PBXBuildFile; fileRef = 2108918B1C8FD64800F8DD80 /* follow-selected@2x.png */; };
		210891911C8FDC5500F8DD80 /* jinghao@2x.png in Resources */ = {isa = PBXBuildFile; fileRef = 2108918D1C8FDC5500F8DD80 /* jinghao@2x.png */; };
		210891921C8FDC5500F8DD80 /* jinghao@3x.png in Resources */ = {isa = PBXBuildFile; fileRef = 2108918E1C8FDC5500F8DD80 /* jinghao@3x.png */; };
		210891931C8FDC5500F8DD80 /* kan@2x.png in Resources */ = {isa = PBXBuildFile; fileRef = 2108918F1C8FDC5500F8DD80 /* kan@2x.png */; };
		210891941C8FDC5500F8DD80 /* kan@3x.png in Resources */ = {isa = PBXBuildFile; fileRef = 210891901C8FDC5500F8DD80 /* kan@3x.png */; };
		2108919B1C8FDC6F00F8DD80 /* guanzhu_fabudingge@2x.png in Resources */ = {isa = PBXBuildFile; fileRef = 210891951C8FDC6F00F8DD80 /* guanzhu_fabudingge@2x.png */; };
		2108919C1C8FDC6F00F8DD80 /* guanzhu_fabudingge@3x.png in Resources */ = {isa = PBXBuildFile; fileRef = 210891961C8FDC6F00F8DD80 /* guanzhu_fabudingge@3x.png */; };
		2108919D1C8FDC6F00F8DD80 /* guanzhu_fabutuijian@2x.png in Resources */ = {isa = PBXBuildFile; fileRef = 210891971C8FDC6F00F8DD80 /* guanzhu_fabutuijian@2x.png */; };
		2108919E1C8FDC6F00F8DD80 /* guanzhu_fabutuijian@3x.png in Resources */ = {isa = PBXBuildFile; fileRef = 210891981C8FDC6F00F8DD80 /* guanzhu_fabutuijian@3x.png */; };
		2108919F1C8FDC6F00F8DD80 /* guanzhu_fabuyingping@2x.png in Resources */ = {isa = PBXBuildFile; fileRef = 210891991C8FDC6F00F8DD80 /* guanzhu_fabuyingping@2x.png */; };
		210891A01C8FDC6F00F8DD80 /* guanzhu_fabuyingping@3x.png in Resources */ = {isa = PBXBuildFile; fileRef = 2108919A1C8FDC6F00F8DD80 /* guanzhu_fabuyingping@3x.png */; };
		210891BD1C8FDD1600F8DD80 /* 定格@2x.png in Resources */ = {isa = PBXBuildFile; fileRef = 210891A11C8FDD1600F8DD80 /* 定格@2x.png */; };
		210891BE1C8FDD1600F8DD80 /* 定格@3x.png in Resources */ = {isa = PBXBuildFile; fileRef = 210891A21C8FDD1600F8DD80 /* 定格@3x.png */; };
		210891BF1C8FDD1600F8DD80 /* 返回@2x.png in Resources */ = {isa = PBXBuildFile; fileRef = 210891A31C8FDD1600F8DD80 /* 返回@2x.png */; };
		210891C01C8FDD1600F8DD80 /* 返回@3x.png in Resources */ = {isa = PBXBuildFile; fileRef = 210891A41C8FDD1600F8DD80 /* 返回@3x.png */; };
		210891C11C8FDD1600F8DD80 /* 粉丝@2x.png in Resources */ = {isa = PBXBuildFile; fileRef = 210891A51C8FDD1600F8DD80 /* 粉丝@2x.png */; };
		210891C21C8FDD1600F8DD80 /* 粉丝@3x.png in Resources */ = {isa = PBXBuildFile; fileRef = 210891A61C8FDD1600F8DD80 /* 粉丝@3x.png */; };
		210891C31C8FDD1600F8DD80 /* 关注@2x.png in Resources */ = {isa = PBXBuildFile; fileRef = 210891A71C8FDD1600F8DD80 /* 关注@2x.png */; };
		210891C41C8FDD1600F8DD80 /* 关注@3x.png in Resources */ = {isa = PBXBuildFile; fileRef = 210891A81C8FDD1600F8DD80 /* 关注@3x.png */; };
		210891C51C8FDD1600F8DD80 /* 看过@2x.png in Resources */ = {isa = PBXBuildFile; fileRef = 210891A91C8FDD1600F8DD80 /* 看过@2x.png */; };
		210891C61C8FDD1600F8DD80 /* 看过@3x.png in Resources */ = {isa = PBXBuildFile; fileRef = 210891AA1C8FDD1600F8DD80 /* 看过@3x.png */; };
		210891C71C8FDD1600F8DD80 /* 评论@2x.png in Resources */ = {isa = PBXBuildFile; fileRef = 210891AB1C8FDD1600F8DD80 /* 评论@2x.png */; };
		210891C81C8FDD1600F8DD80 /* 评论@3x.png in Resources */ = {isa = PBXBuildFile; fileRef = 210891AC1C8FDD1600F8DD80 /* 评论@3x.png */; };
		210891C91C8FDD1600F8DD80 /* 设置@2x.png in Resources */ = {isa = PBXBuildFile; fileRef = 210891AD1C8FDD1600F8DD80 /* 设置@2x.png */; };
		210891CA1C8FDD1600F8DD80 /* 设置@3x.png in Resources */ = {isa = PBXBuildFile; fileRef = 210891AE1C8FDD1600F8DD80 /* 设置@3x.png */; };
		210891CB1C8FDD1600F8DD80 /* 时间@2x.png in Resources */ = {isa = PBXBuildFile; fileRef = 210891AF1C8FDD1600F8DD80 /* 时间@2x.png */; };
		210891CC1C8FDD1600F8DD80 /* 时间@3x.png in Resources */ = {isa = PBXBuildFile; fileRef = 210891B01C8FDD1600F8DD80 /* 时间@3x.png */; };
		210891CD1C8FDD1600F8DD80 /* 收藏@2x.png in Resources */ = {isa = PBXBuildFile; fileRef = 210891B11C8FDD1600F8DD80 /* 收藏@2x.png */; };
		210891CE1C8FDD1600F8DD80 /* 收藏@3x.png in Resources */ = {isa = PBXBuildFile; fileRef = 210891B21C8FDD1600F8DD80 /* 收藏@3x.png */; };
		210891CF1C8FDD1600F8DD80 /* 推荐电影@2x.png in Resources */ = {isa = PBXBuildFile; fileRef = 210891B31C8FDD1600F8DD80 /* 推荐电影@2x.png */; };
		210891D01C8FDD1600F8DD80 /* 推荐电影@3x.png in Resources */ = {isa = PBXBuildFile; fileRef = 210891B41C8FDD1600F8DD80 /* 推荐电影@3x.png */; };
		210891D11C8FDD1600F8DD80 /* 喜欢-black@2x.png in Resources */ = {isa = PBXBuildFile; fileRef = 210891B51C8FDD1600F8DD80 /* 喜欢-black@2x.png */; };
		210891D21C8FDD1600F8DD80 /* 喜欢-black@3x.png in Resources */ = {isa = PBXBuildFile; fileRef = 210891B61C8FDD1600F8DD80 /* 喜欢-black@3x.png */; };
		210891D31C8FDD1600F8DD80 /* 喜欢@2x.png in Resources */ = {isa = PBXBuildFile; fileRef = 210891B71C8FDD1600F8DD80 /* 喜欢@2x.png */; };
		210891D41C8FDD1600F8DD80 /* 喜欢@3x.png in Resources */ = {isa = PBXBuildFile; fileRef = 210891B81C8FDD1600F8DD80 /* 喜欢@3x.png */; };
		210891D51C8FDD1600F8DD80 /* 消息@2x.png in Resources */ = {isa = PBXBuildFile; fileRef = 210891B91C8FDD1600F8DD80 /* 消息@2x.png */; };
		210891D61C8FDD1600F8DD80 /* 消息@3x.png in Resources */ = {isa = PBXBuildFile; fileRef = 210891BA1C8FDD1600F8DD80 /* 消息@3x.png */; };
		210891D71C8FDD1600F8DD80 /* 影品@2x.png in Resources */ = {isa = PBXBuildFile; fileRef = 210891BB1C8FDD1600F8DD80 /* 影品@2x.png */; };
		210891D81C8FDD1600F8DD80 /* 影品@3x.png in Resources */ = {isa = PBXBuildFile; fileRef = 210891BC1C8FDD1600F8DD80 /* 影品@3x.png */; };
		210891DE1C910DDF00F8DD80 /* DonationModel.m in Sources */ = {isa = PBXBuildFile; fileRef = 210891DD1C910DDF00F8DD80 /* DonationModel.m */; };
		210891E11C910EA300F8DD80 /* DonationTableViewCell.m in Sources */ = {isa = PBXBuildFile; fileRef = 210891E01C910EA300F8DD80 /* DonationTableViewCell.m */; };
		210891E41C911EA400F8DD80 /* ActivitySecondTableViewCell.m in Sources */ = {isa = PBXBuildFile; fileRef = 210891E31C911EA400F8DD80 /* ActivitySecondTableViewCell.m */; };
		210891E91C914C6500F8DD80 /* ActivityAllViewController.m in Sources */ = {isa = PBXBuildFile; fileRef = 210891E81C914C6500F8DD80 /* ActivityAllViewController.m */; };
		210891EC1C914C7900F8DD80 /* ActivitySecondViewController.m in Sources */ = {isa = PBXBuildFile; fileRef = 210891EB1C914C7900F8DD80 /* ActivitySecondViewController.m */; };
		210891F01C914CA900F8DD80 /* NewsAllViewController.m in Sources */ = {isa = PBXBuildFile; fileRef = 210891EF1C914CA900F8DD80 /* NewsAllViewController.m */; };
		210891F71C914D5900F8DD80 /* WishAllViewController.m in Sources */ = {isa = PBXBuildFile; fileRef = 210891F61C914D5900F8DD80 /* WishAllViewController.m */; };
		210891FA1C914D6C00F8DD80 /* WishViewController.m in Sources */ = {isa = PBXBuildFile; fileRef = 210891F91C914D6C00F8DD80 /* WishViewController.m */; };
		210891FD1C914D9400F8DD80 /* DonationAllViewController.m in Sources */ = {isa = PBXBuildFile; fileRef = 210891FC1C914D9400F8DD80 /* DonationAllViewController.m */; };
		210892001C914DA400F8DD80 /* DonationViewController.m in Sources */ = {isa = PBXBuildFile; fileRef = 210891FF1C914DA400F8DD80 /* DonationViewController.m */; };
		212622271C8844BB009A3028 /* xin.png in Resources */ = {isa = PBXBuildFile; fileRef = 212622261C8844BB009A3028 /* xin.png */; };
		2126222B1C884856009A3028 /* TempleSecondViewController.m in Sources */ = {isa = PBXBuildFile; fileRef = 2126222A1C884856009A3028 /* TempleSecondViewController.m */; };
		2126222E1C899BE7009A3028 /* NewsViewController.m in Sources */ = {isa = PBXBuildFile; fileRef = 2126222D1C899BE7009A3028 /* NewsViewController.m */; };
		21369ECB1CAB7FDC0064A04D /* place.jpg in Resources */ = {isa = PBXBuildFile; fileRef = 21369ECA1CAB7FDC0064A04D /* place.jpg */; };
		21369ECE1CAB81440064A04D /* MasterFirstViewController.m in Sources */ = {isa = PBXBuildFile; fileRef = 21369ECD1CAB81440064A04D /* MasterFirstViewController.m */; };
		21369EE21CABA1690064A04D /* 1_n@2x-2.png in Resources */ = {isa = PBXBuildFile; fileRef = 21369ED21CABA1690064A04D /* 1_n@2x-2.png */; };
		21369EE31CABA1690064A04D /* 1_n@2x.png in Resources */ = {isa = PBXBuildFile; fileRef = 21369ED31CABA1690064A04D /* 1_n@2x.png */; };
		21369EE41CABA1690064A04D /* 1_n@3x-2.png in Resources */ = {isa = PBXBuildFile; fileRef = 21369ED41CABA1690064A04D /* 1_n@3x-2.png */; };
		21369EE51CABA1690064A04D /* 1_n@3x.png in Resources */ = {isa = PBXBuildFile; fileRef = 21369ED51CABA1690064A04D /* 1_n@3x.png */; };
		21369EE61CABA1690064A04D /* 2_n@2x-2.png in Resources */ = {isa = PBXBuildFile; fileRef = 21369ED61CABA1690064A04D /* 2_n@2x-2.png */; };
		21369EE71CABA1690064A04D /* 2_n@2x.png in Resources */ = {isa = PBXBuildFile; fileRef = 21369ED71CABA1690064A04D /* 2_n@2x.png */; };
		21369EE81CABA1690064A04D /* 2_n@3x-2.png in Resources */ = {isa = PBXBuildFile; fileRef = 21369ED81CABA1690064A04D /* 2_n@3x-2.png */; };
		21369EE91CABA1690064A04D /* 2_n@3x.png in Resources */ = {isa = PBXBuildFile; fileRef = 21369ED91CABA1690064A04D /* 2_n@3x.png */; };
		21369EEA1CABA1690064A04D /* 3_n@2x-2.png in Resources */ = {isa = PBXBuildFile; fileRef = 21369EDA1CABA1690064A04D /* 3_n@2x-2.png */; };
		21369EEB1CABA1690064A04D /* 3_n@2x.png in Resources */ = {isa = PBXBuildFile; fileRef = 21369EDB1CABA1690064A04D /* 3_n@2x.png */; };
		21369EEC1CABA1690064A04D /* 3_n@3x-2.png in Resources */ = {isa = PBXBuildFile; fileRef = 21369EDC1CABA1690064A04D /* 3_n@3x-2.png */; };
		21369EED1CABA1690064A04D /* 3_n@3x.png in Resources */ = {isa = PBXBuildFile; fileRef = 21369EDD1CABA1690064A04D /* 3_n@3x.png */; };
		21369EEE1CABA1690064A04D /* 4_n@2x-2.png in Resources */ = {isa = PBXBuildFile; fileRef = 21369EDE1CABA1690064A04D /* 4_n@2x-2.png */; };
		21369EEF1CABA1690064A04D /* 4_n@2x.png in Resources */ = {isa = PBXBuildFile; fileRef = 21369EDF1CABA1690064A04D /* 4_n@2x.png */; };
		21369EF01CABA1690064A04D /* 4_n@3x-2.png in Resources */ = {isa = PBXBuildFile; fileRef = 21369EE01CABA1690064A04D /* 4_n@3x-2.png */; };
		21369EF11CABA1690064A04D /* 4_n@3x.png in Resources */ = {isa = PBXBuildFile; fileRef = 21369EE11CABA1690064A04D /* 4_n@3x.png */; };
		21369EF41CABA2B70064A04D /* LZAutoScrollView.m in Sources */ = {isa = PBXBuildFile; fileRef = 21369EF21CABA2B70064A04D /* LZAutoScrollView.m */; };
		217B56C21C868ED00077B23D /* main.m in Sources */ = {isa = PBXBuildFile; fileRef = 217B56C11C868ED00077B23D /* main.m */; };
		217B56C51C868ED00077B23D /* AppDelegate.m in Sources */ = {isa = PBXBuildFile; fileRef = 217B56C41C868ED00077B23D /* AppDelegate.m */; };
		217B56CB1C868ED00077B23D /* Main.storyboard in Resources */ = {isa = PBXBuildFile; fileRef = 217B56C91C868ED00077B23D /* Main.storyboard */; };
		217B56D01C868ED00077B23D /* LaunchScreen.storyboard in Resources */ = {isa = PBXBuildFile; fileRef = 217B56CE1C868ED00077B23D /* LaunchScreen.storyboard */; };
		217B56DB1C868ED00077B23D /* smartempleTests.m in Sources */ = {isa = PBXBuildFile; fileRef = 217B56DA1C868ED00077B23D /* smartempleTests.m */; };
		217B56E61C868ED00077B23D /* smartempleUITests.m in Sources */ = {isa = PBXBuildFile; fileRef = 217B56E51C868ED00077B23D /* smartempleUITests.m */; };
		217B56FD1C8693E90077B23D /* MasterViewController.m in Sources */ = {isa = PBXBuildFile; fileRef = 217B56FC1C8693E90077B23D /* MasterViewController.m */; };
		217B57001C86940E0077B23D /* TempleViewController.m in Sources */ = {isa = PBXBuildFile; fileRef = 217B56FF1C86940E0077B23D /* TempleViewController.m */; };
		217B57031C8694500077B23D /* MakeViewController.m in Sources */ = {isa = PBXBuildFile; fileRef = 217B57021C8694500077B23D /* MakeViewController.m */; };
		217B57061C86945F0077B23D /* MyViewController.m in Sources */ = {isa = PBXBuildFile; fileRef = 217B57051C86945F0077B23D /* MyViewController.m */; };
		217B57091C86963E0077B23D /* dian.png in Resources */ = {isa = PBXBuildFile; fileRef = 217B57081C86963E0077B23D /* dian.png */; };
		217B570C1C86981B0077B23D /* LoginViewController.m in Sources */ = {isa = PBXBuildFile; fileRef = 217B570B1C86981B0077B23D /* LoginViewController.m */; };
		217B570F1C86982D0077B23D /* RegistViewController.m in Sources */ = {isa = PBXBuildFile; fileRef = 217B570E1C86982D0077B23D /* RegistViewController.m */; };
		217B57131C86E2490077B23D /* shareweixin@2x.png in Resources */ = {isa = PBXBuildFile; fileRef = 217B57111C86E2490077B23D /* shareweixin@2x.png */; };
		217B57141C86E2490077B23D /* shareweixin@3x.png in Resources */ = {isa = PBXBuildFile; fileRef = 217B57121C86E2490077B23D /* shareweixin@3x.png */; };
		217B57841C86E2EA0077B23D /* shareqq@2x.png in Resources */ = {isa = PBXBuildFile; fileRef = 217B57821C86E2EA0077B23D /* shareqq@2x.png */; };
		217B57851C86E2EA0077B23D /* shareqq@3x.png in Resources */ = {isa = PBXBuildFile; fileRef = 217B57831C86E2EA0077B23D /* shareqq@3x.png */; };
		217B578B1C86F6B00077B23D /* TempleTableViewCell.m in Sources */ = {isa = PBXBuildFile; fileRef = 217B578A1C86F6B00077B23D /* TempleTableViewCell.m */; };
		217B57941C86F6ED0077B23D /* masterModel.m in Sources */ = {isa = PBXBuildFile; fileRef = 217B57931C86F6ED0077B23D /* masterModel.m */; };
		217B57971C86F6FE0077B23D /* TempleModel.m in Sources */ = {isa = PBXBuildFile; fileRef = 217B57961C86F6FE0077B23D /* TempleModel.m */; };
		217B579D1C86F76E0077B23D /* SpeechModel.m in Sources */ = {isa = PBXBuildFile; fileRef = 217B579C1C86F76E0077B23D /* SpeechModel.m */; };
		217B57A01C86F77C0077B23D /* NewsModel.m in Sources */ = {isa = PBXBuildFile; fileRef = 217B579F1C86F77C0077B23D /* NewsModel.m */; };
		217B57A31C86F7B20077B23D /* ActiviModel.m in Sources */ = {isa = PBXBuildFile; fileRef = 217B57A21C86F7B20077B23D /* ActiviModel.m */; };
		217B57A61C86F7CA0077B23D /* NeighModel.m in Sources */ = {isa = PBXBuildFile; fileRef = 217B57A51C86F7CA0077B23D /* NeighModel.m */; };
		217B57B61C86F99D0077B23D /* SpeechTableViewCell.m in Sources */ = {isa = PBXBuildFile; fileRef = 217B57B51C86F99D0077B23D /* SpeechTableViewCell.m */; };
		217B57B91C86F9AD0077B23D /* NewsTableViewCell.m in Sources */ = {isa = PBXBuildFile; fileRef = 217B57B81C86F9AD0077B23D /* NewsTableViewCell.m */; };
		217B57BF1C86F9C50077B23D /* NeighTableViewCell.m in Sources */ = {isa = PBXBuildFile; fileRef = 217B57BE1C86F9C50077B23D /* NeighTableViewCell.m */; };
		217B57C21C87CFE00077B23D /* ForgetViewController.m in Sources */ = {isa = PBXBuildFile; fileRef = 217B57C11C87CFE00077B23D /* ForgetViewController.m */; };
		217B57CB1C87D6240077B23D /* UserModel.m in Sources */ = {isa = PBXBuildFile; fileRef = 217B57CA1C87D6240077B23D /* UserModel.m */; };
		217B57CD1C87DA9F0077B23D /* movieCover.png in Resources */ = {isa = PBXBuildFile; fileRef = 217B57CC1C87DA9F0077B23D /* movieCover.png */; };
		217B57CF1C87DAAC0077B23D /* myBackImg@2x.png in Resources */ = {isa = PBXBuildFile; fileRef = 217B57CE1C87DAAC0077B23D /* myBackImg@2x.png */; };
		217B57D11C87DAB90077B23D /* shareImg.png in Resources */ = {isa = PBXBuildFile; fileRef = 217B57D01C87DAB90077B23D /* shareImg.png */; };
		217B57D31C87DADC0077B23D /* movie@2x.png in Resources */ = {isa = PBXBuildFile; fileRef = 217B57D21C87DADC0077B23D /* movie@2x.png */; };
		217B57D51C87DAE80077B23D /* avatar@2x.png in Resources */ = {isa = PBXBuildFile; fileRef = 217B57D41C87DAE80077B23D /* avatar@2x.png */; };
		217B57D81C87E5B80077B23D /* MasterCollectionViewCell.m in Sources */ = {isa = PBXBuildFile; fileRef = 217B57D71C87E5B80077B23D /* MasterCollectionViewCell.m */; };
		217B57DB1C87E7710077B23D /* UserTableViewCell.m in Sources */ = {isa = PBXBuildFile; fileRef = 217B57DA1C87E7710077B23D /* UserTableViewCell.m */; };
		217B57DF1C87EFCA0077B23D /* MyattentViewController.m in Sources */ = {isa = PBXBuildFile; fileRef = 217B57DE1C87EFCA0077B23D /* MyattentViewController.m */; };
		217B57E21C87EFEF0077B23D /* MydonateViewController.m in Sources */ = {isa = PBXBuildFile; fileRef = 217B57E11C87EFEF0077B23D /* MydonateViewController.m */; };
		217B57E51C87F0190077B23D /* MyprayViewController.m in Sources */ = {isa = PBXBuildFile; fileRef = 217B57E41C87F0190077B23D /* MyprayViewController.m */; };
		217B57E81C87F0420077B23D /* MyactivityViewController.m in Sources */ = {isa = PBXBuildFile; fileRef = 217B57E71C87F0420077B23D /* MyactivityViewController.m */; };
		217B57EB1C87F0590077B23D /* MyworkViewController.m in Sources */ = {isa = PBXBuildFile; fileRef = 217B57EA1C87F0590077B23D /* MyworkViewController.m */; };
		217B57EE1C87F0700077B23D /* MynewsViewController.m in Sources */ = {isa = PBXBuildFile; fileRef = 217B57ED1C87F0700077B23D /* MynewsViewController.m */; };
		217B57F11C87F08F0077B23D /* MysettingViewController.m in Sources */ = {isa = PBXBuildFile; fileRef = 217B57F01C87F08F0077B23D /* MysettingViewController.m */; };
		217B58131C881B8A0077B23D /* MasterSectionViewController.m in Sources */ = {isa = PBXBuildFile; fileRef = 217B58121C881B8A0077B23D /* MasterSectionViewController.m */; };
		21D7BF901CB372B60087A697 /* AleartHeadViewController.m in Sources */ = {isa = PBXBuildFile; fileRef = 21D7BF8F1CB372B60087A697 /* AleartHeadViewController.m */; };
		21D7BF931CB390CE0087A697 /* AleartNameViewController.m in Sources */ = {isa = PBXBuildFile; fileRef = 21D7BF921CB390CE0087A697 /* AleartNameViewController.m */; };
		21FBF6351CAA2A7500262039 /* Reachability.m in Sources */ = {isa = PBXBuildFile; fileRef = 21FBF6301CAA2A7500262039 /* Reachability.m */; };
		21FBF6361CAA2A7500262039 /* Net.m in Sources */ = {isa = PBXBuildFile; fileRef = 21FBF6321CAA2A7500262039 /* Net.m */; };
		21FBF6371CAA2A7500262039 /* Verfiy.m in Sources */ = {isa = PBXBuildFile; fileRef = 21FBF6341CAA2A7500262039 /* Verfiy.m */; };
		21FBF63B1CAA377900262039 /* SetinformationViewController.m in Sources */ = {isa = PBXBuildFile; fileRef = 21FBF63A1CAA377900262039 /* SetinformationViewController.m */; };
		21FBF63D1CAA537100262039 /* 默认头像.png in Resources */ = {isa = PBXBuildFile; fileRef = 21FBF63C1CAA537100262039 /* 默认头像.png */; };
		88688FAE8BEDA818F8D089C4 /* libPods.a in Frameworks */ = {isa = PBXBuildFile; fileRef = C1ABAD18A58FF9383F5D27B7 /* libPods.a */; };
/* End PBXBuildFile section */

/* Begin PBXContainerItemProxy section */
		217B56D71C868ED00077B23D /* PBXContainerItemProxy */ = {
			isa = PBXContainerItemProxy;
			containerPortal = 217B56B51C868ED00077B23D /* Project object */;
			proxyType = 1;
			remoteGlobalIDString = 217B56BC1C868ED00077B23D;
			remoteInfo = smartemple;
		};
		217B56E21C868ED00077B23D /* PBXContainerItemProxy */ = {
			isa = PBXContainerItemProxy;
			containerPortal = 217B56B51C868ED00077B23D /* Project object */;
			proxyType = 1;
			remoteGlobalIDString = 217B56BC1C868ED00077B23D;
			remoteInfo = smartemple;
		};
/* End PBXContainerItemProxy section */

/* Begin PBXFileReference section */
		2108914E1C8D86CF00F8DD80 /* Timelinemodel.h */ = {isa = PBXFileReference; fileEncoding = 4; lastKnownFileType = sourcecode.c.h; path = Timelinemodel.h; sourceTree = "<group>"; };
		2108914F1C8D86CF00F8DD80 /* Timelinemodel.m */ = {isa = PBXFileReference; fileEncoding = 4; lastKnownFileType = sourcecode.c.objc; path = Timelinemodel.m; sourceTree = "<group>"; };
		210891521C8D86EA00F8DD80 /* TimelineTableViewCell.h */ = {isa = PBXFileReference; fileEncoding = 4; lastKnownFileType = sourcecode.c.h; path = TimelineTableViewCell.h; sourceTree = "<group>"; };
		210891531C8D86EA00F8DD80 /* TimelineTableViewCell.m */ = {isa = PBXFileReference; fileEncoding = 4; lastKnownFileType = sourcecode.c.objc; path = TimelineTableViewCell.m; sourceTree = "<group>"; };
		210891551C8D870700F8DD80 /* QuestionTableViewCell.h */ = {isa = PBXFileReference; fileEncoding = 4; lastKnownFileType = sourcecode.c.h; path = QuestionTableViewCell.h; sourceTree = "<group>"; };
		210891561C8D870700F8DD80 /* QuestionTableViewCell.m */ = {isa = PBXFileReference; fileEncoding = 4; lastKnownFileType = sourcecode.c.objc; path = QuestionTableViewCell.m; sourceTree = "<group>"; };
		210891581C8D871500F8DD80 /* WishTableViewCell.h */ = {isa = PBXFileReference; fileEncoding = 4; lastKnownFileType = sourcecode.c.h; path = WishTableViewCell.h; sourceTree = "<group>"; };
		210891591C8D871500F8DD80 /* WishTableViewCell.m */ = {isa = PBXFileReference; fileEncoding = 4; lastKnownFileType = sourcecode.c.objc; path = WishTableViewCell.m; sourceTree = "<group>"; };
		2108915B1C8D872500F8DD80 /* Wishmodel.h */ = {isa = PBXFileReference; fileEncoding = 4; lastKnownFileType = sourcecode.c.h; path = Wishmodel.h; sourceTree = "<group>"; };
		2108915C1C8D872500F8DD80 /* Wishmodel.m */ = {isa = PBXFileReference; fileEncoding = 4; lastKnownFileType = sourcecode.c.objc; path = Wishmodel.m; sourceTree = "<group>"; };
		2108915E1C8D873900F8DD80 /* Questionmodel.h */ = {isa = PBXFileReference; fileEncoding = 4; lastKnownFileType = sourcecode.c.h; path = Questionmodel.h; sourceTree = "<group>"; };
		2108915F1C8D873900F8DD80 /* Questionmodel.m */ = {isa = PBXFileReference; fileEncoding = 4; lastKnownFileType = sourcecode.c.objc; path = Questionmodel.m; sourceTree = "<group>"; };
		210891611C8D879000F8DD80 /* ActiviTableViewCell.h */ = {isa = PBXFileReference; fileEncoding = 4; lastKnownFileType = sourcecode.c.h; path = ActiviTableViewCell.h; sourceTree = "<group>"; };
		210891621C8D879000F8DD80 /* ActiviTableViewCell.m */ = {isa = PBXFileReference; fileEncoding = 4; lastKnownFileType = sourcecode.c.objc; path = ActiviTableViewCell.m; sourceTree = "<group>"; };
		210891641C8FAFDA00F8DD80 /* MasterTableViewCell.h */ = {isa = PBXFileReference; fileEncoding = 4; lastKnownFileType = sourcecode.c.h; path = MasterTableViewCell.h; sourceTree = "<group>"; };
		210891651C8FAFDA00F8DD80 /* MasterTableViewCell.m */ = {isa = PBXFileReference; fileEncoding = 4; lastKnownFileType = sourcecode.c.objc; path = MasterTableViewCell.m; sourceTree = "<group>"; };
		210891671C8FD09600F8DD80 /* smartemple-logo.png */ = {isa = PBXFileReference; lastKnownFileType = image.png; path = "smartemple-logo.png"; sourceTree = "<group>"; };
		210891751C8FD36000F8DD80 /* 3x.png */ = {isa = PBXFileReference; lastKnownFileType = image.png; path = 3x.png; sourceTree = "<group>"; };
		2108918B1C8FD64800F8DD80 /* follow-selected@2x.png */ = {isa = PBXFileReference; lastKnownFileType = image.png; path = "follow-selected@2x.png"; sourceTree = "<group>"; };
		2108918D1C8FDC5500F8DD80 /* jinghao@2x.png */ = {isa = PBXFileReference; lastKnownFileType = image.png; path = "jinghao@2x.png"; sourceTree = "<group>"; };
		2108918E1C8FDC5500F8DD80 /* jinghao@3x.png */ = {isa = PBXFileReference; lastKnownFileType = image.png; path = "jinghao@3x.png"; sourceTree = "<group>"; };
		2108918F1C8FDC5500F8DD80 /* kan@2x.png */ = {isa = PBXFileReference; lastKnownFileType = image.png; path = "kan@2x.png"; sourceTree = "<group>"; };
		210891901C8FDC5500F8DD80 /* kan@3x.png */ = {isa = PBXFileReference; lastKnownFileType = image.png; path = "kan@3x.png"; sourceTree = "<group>"; };
		210891951C8FDC6F00F8DD80 /* guanzhu_fabudingge@2x.png */ = {isa = PBXFileReference; lastKnownFileType = image.png; path = "guanzhu_fabudingge@2x.png"; sourceTree = "<group>"; };
		210891961C8FDC6F00F8DD80 /* guanzhu_fabudingge@3x.png */ = {isa = PBXFileReference; lastKnownFileType = image.png; path = "guanzhu_fabudingge@3x.png"; sourceTree = "<group>"; };
		210891971C8FDC6F00F8DD80 /* guanzhu_fabutuijian@2x.png */ = {isa = PBXFileReference; lastKnownFileType = image.png; path = "guanzhu_fabutuijian@2x.png"; sourceTree = "<group>"; };
		210891981C8FDC6F00F8DD80 /* guanzhu_fabutuijian@3x.png */ = {isa = PBXFileReference; lastKnownFileType = image.png; path = "guanzhu_fabutuijian@3x.png"; sourceTree = "<group>"; };
		210891991C8FDC6F00F8DD80 /* guanzhu_fabuyingping@2x.png */ = {isa = PBXFileReference; lastKnownFileType = image.png; path = "guanzhu_fabuyingping@2x.png"; sourceTree = "<group>"; };
		2108919A1C8FDC6F00F8DD80 /* guanzhu_fabuyingping@3x.png */ = {isa = PBXFileReference; lastKnownFileType = image.png; path = "guanzhu_fabuyingping@3x.png"; sourceTree = "<group>"; };
		210891A11C8FDD1600F8DD80 /* 定格@2x.png */ = {isa = PBXFileReference; lastKnownFileType = image.png; path = "定格@2x.png"; sourceTree = "<group>"; };
		210891A21C8FDD1600F8DD80 /* 定格@3x.png */ = {isa = PBXFileReference; lastKnownFileType = image.png; path = "定格@3x.png"; sourceTree = "<group>"; };
		210891A31C8FDD1600F8DD80 /* 返回@2x.png */ = {isa = PBXFileReference; lastKnownFileType = image.png; path = "返回@2x.png"; sourceTree = "<group>"; };
		210891A41C8FDD1600F8DD80 /* 返回@3x.png */ = {isa = PBXFileReference; lastKnownFileType = image.png; path = "返回@3x.png"; sourceTree = "<group>"; };
		210891A51C8FDD1600F8DD80 /* 粉丝@2x.png */ = {isa = PBXFileReference; lastKnownFileType = image.png; path = "粉丝@2x.png"; sourceTree = "<group>"; };
		210891A61C8FDD1600F8DD80 /* 粉丝@3x.png */ = {isa = PBXFileReference; lastKnownFileType = image.png; path = "粉丝@3x.png"; sourceTree = "<group>"; };
		210891A71C8FDD1600F8DD80 /* 关注@2x.png */ = {isa = PBXFileReference; lastKnownFileType = image.png; path = "关注@2x.png"; sourceTree = "<group>"; };
		210891A81C8FDD1600F8DD80 /* 关注@3x.png */ = {isa = PBXFileReference; lastKnownFileType = image.png; path = "关注@3x.png"; sourceTree = "<group>"; };
		210891A91C8FDD1600F8DD80 /* 看过@2x.png */ = {isa = PBXFileReference; lastKnownFileType = image.png; path = "看过@2x.png"; sourceTree = "<group>"; };
		210891AA1C8FDD1600F8DD80 /* 看过@3x.png */ = {isa = PBXFileReference; lastKnownFileType = image.png; path = "看过@3x.png"; sourceTree = "<group>"; };
		210891AB1C8FDD1600F8DD80 /* 评论@2x.png */ = {isa = PBXFileReference; lastKnownFileType = image.png; path = "评论@2x.png"; sourceTree = "<group>"; };
		210891AC1C8FDD1600F8DD80 /* 评论@3x.png */ = {isa = PBXFileReference; lastKnownFileType = image.png; path = "评论@3x.png"; sourceTree = "<group>"; };
		210891AD1C8FDD1600F8DD80 /* 设置@2x.png */ = {isa = PBXFileReference; lastKnownFileType = image.png; path = "设置@2x.png"; sourceTree = "<group>"; };
		210891AE1C8FDD1600F8DD80 /* 设置@3x.png */ = {isa = PBXFileReference; lastKnownFileType = image.png; path = "设置@3x.png"; sourceTree = "<group>"; };
		210891AF1C8FDD1600F8DD80 /* 时间@2x.png */ = {isa = PBXFileReference; lastKnownFileType = image.png; path = "时间@2x.png"; sourceTree = "<group>"; };
		210891B01C8FDD1600F8DD80 /* 时间@3x.png */ = {isa = PBXFileReference; lastKnownFileType = image.png; path = "时间@3x.png"; sourceTree = "<group>"; };
		210891B11C8FDD1600F8DD80 /* 收藏@2x.png */ = {isa = PBXFileReference; lastKnownFileType = image.png; path = "收藏@2x.png"; sourceTree = "<group>"; };
		210891B21C8FDD1600F8DD80 /* 收藏@3x.png */ = {isa = PBXFileReference; lastKnownFileType = image.png; path = "收藏@3x.png"; sourceTree = "<group>"; };
		210891B31C8FDD1600F8DD80 /* 推荐电影@2x.png */ = {isa = PBXFileReference; lastKnownFileType = image.png; path = "推荐电影@2x.png"; sourceTree = "<group>"; };
		210891B41C8FDD1600F8DD80 /* 推荐电影@3x.png */ = {isa = PBXFileReference; lastKnownFileType = image.png; path = "推荐电影@3x.png"; sourceTree = "<group>"; };
		210891B51C8FDD1600F8DD80 /* 喜欢-black@2x.png */ = {isa = PBXFileReference; lastKnownFileType = image.png; path = "喜欢-black@2x.png"; sourceTree = "<group>"; };
		210891B61C8FDD1600F8DD80 /* 喜欢-black@3x.png */ = {isa = PBXFileReference; lastKnownFileType = image.png; path = "喜欢-black@3x.png"; sourceTree = "<group>"; };
		210891B71C8FDD1600F8DD80 /* 喜欢@2x.png */ = {isa = PBXFileReference; lastKnownFileType = image.png; path = "喜欢@2x.png"; sourceTree = "<group>"; };
		210891B81C8FDD1600F8DD80 /* 喜欢@3x.png */ = {isa = PBXFileReference; lastKnownFileType = image.png; path = "喜欢@3x.png"; sourceTree = "<group>"; };
		210891B91C8FDD1600F8DD80 /* 消息@2x.png */ = {isa = PBXFileReference; lastKnownFileType = image.png; path = "消息@2x.png"; sourceTree = "<group>"; };
		210891BA1C8FDD1600F8DD80 /* 消息@3x.png */ = {isa = PBXFileReference; lastKnownFileType = image.png; path = "消息@3x.png"; sourceTree = "<group>"; };
		210891BB1C8FDD1600F8DD80 /* 影品@2x.png */ = {isa = PBXFileReference; lastKnownFileType = image.png; path = "影品@2x.png"; sourceTree = "<group>"; };
		210891BC1C8FDD1600F8DD80 /* 影品@3x.png */ = {isa = PBXFileReference; lastKnownFileType = image.png; path = "影品@3x.png"; sourceTree = "<group>"; };
		210891DC1C910DDF00F8DD80 /* DonationModel.h */ = {isa = PBXFileReference; fileEncoding = 4; lastKnownFileType = sourcecode.c.h; path = DonationModel.h; sourceTree = "<group>"; };
		210891DD1C910DDF00F8DD80 /* DonationModel.m */ = {isa = PBXFileReference; fileEncoding = 4; lastKnownFileType = sourcecode.c.objc; path = DonationModel.m; sourceTree = "<group>"; };
		210891DF1C910EA300F8DD80 /* DonationTableViewCell.h */ = {isa = PBXFileReference; fileEncoding = 4; lastKnownFileType = sourcecode.c.h; path = DonationTableViewCell.h; sourceTree = "<group>"; };
		210891E01C910EA300F8DD80 /* DonationTableViewCell.m */ = {isa = PBXFileReference; fileEncoding = 4; lastKnownFileType = sourcecode.c.objc; path = DonationTableViewCell.m; sourceTree = "<group>"; };
		210891E21C911EA400F8DD80 /* ActivitySecondTableViewCell.h */ = {isa = PBXFileReference; fileEncoding = 4; lastKnownFileType = sourcecode.c.h; path = ActivitySecondTableViewCell.h; sourceTree = "<group>"; };
		210891E31C911EA400F8DD80 /* ActivitySecondTableViewCell.m */ = {isa = PBXFileReference; fileEncoding = 4; lastKnownFileType = sourcecode.c.objc; path = ActivitySecondTableViewCell.m; sourceTree = "<group>"; };
		210891E71C914C6400F8DD80 /* ActivityAllViewController.h */ = {isa = PBXFileReference; fileEncoding = 4; lastKnownFileType = sourcecode.c.h; path = ActivityAllViewController.h; sourceTree = "<group>"; };
		210891E81C914C6500F8DD80 /* ActivityAllViewController.m */ = {isa = PBXFileReference; fileEncoding = 4; lastKnownFileType = sourcecode.c.objc; path = ActivityAllViewController.m; sourceTree = "<group>"; };
		210891EA1C914C7900F8DD80 /* ActivitySecondViewController.h */ = {isa = PBXFileReference; fileEncoding = 4; lastKnownFileType = sourcecode.c.h; path = ActivitySecondViewController.h; sourceTree = "<group>"; };
		210891EB1C914C7900F8DD80 /* ActivitySecondViewController.m */ = {isa = PBXFileReference; fileEncoding = 4; lastKnownFileType = sourcecode.c.objc; path = ActivitySecondViewController.m; sourceTree = "<group>"; };
		210891EE1C914CA900F8DD80 /* NewsAllViewController.h */ = {isa = PBXFileReference; fileEncoding = 4; lastKnownFileType = sourcecode.c.h; path = NewsAllViewController.h; sourceTree = "<group>"; };
		210891EF1C914CA900F8DD80 /* NewsAllViewController.m */ = {isa = PBXFileReference; fileEncoding = 4; lastKnownFileType = sourcecode.c.objc; path = NewsAllViewController.m; sourceTree = "<group>"; };
		210891F51C914D5900F8DD80 /* WishAllViewController.h */ = {isa = PBXFileReference; fileEncoding = 4; lastKnownFileType = sourcecode.c.h; path = WishAllViewController.h; sourceTree = "<group>"; };
		210891F61C914D5900F8DD80 /* WishAllViewController.m */ = {isa = PBXFileReference; fileEncoding = 4; lastKnownFileType = sourcecode.c.objc; path = WishAllViewController.m; sourceTree = "<group>"; };
		210891F81C914D6C00F8DD80 /* WishViewController.h */ = {isa = PBXFileReference; fileEncoding = 4; lastKnownFileType = sourcecode.c.h; path = WishViewController.h; sourceTree = "<group>"; };
		210891F91C914D6C00F8DD80 /* WishViewController.m */ = {isa = PBXFileReference; fileEncoding = 4; lastKnownFileType = sourcecode.c.objc; path = WishViewController.m; sourceTree = "<group>"; };
		210891FB1C914D9400F8DD80 /* DonationAllViewController.h */ = {isa = PBXFileReference; fileEncoding = 4; lastKnownFileType = sourcecode.c.h; path = DonationAllViewController.h; sourceTree = "<group>"; };
		210891FC1C914D9400F8DD80 /* DonationAllViewController.m */ = {isa = PBXFileReference; fileEncoding = 4; lastKnownFileType = sourcecode.c.objc; path = DonationAllViewController.m; sourceTree = "<group>"; };
		210891FE1C914DA400F8DD80 /* DonationViewController.h */ = {isa = PBXFileReference; fileEncoding = 4; lastKnownFileType = sourcecode.c.h; path = DonationViewController.h; sourceTree = "<group>"; };
		210891FF1C914DA400F8DD80 /* DonationViewController.m */ = {isa = PBXFileReference; fileEncoding = 4; lastKnownFileType = sourcecode.c.objc; path = DonationViewController.m; sourceTree = "<group>"; };
		212622261C8844BB009A3028 /* xin.png */ = {isa = PBXFileReference; lastKnownFileType = image.png; path = xin.png; sourceTree = "<group>"; };
		212622291C884856009A3028 /* TempleSecondViewController.h */ = {isa = PBXFileReference; fileEncoding = 4; lastKnownFileType = sourcecode.c.h; path = TempleSecondViewController.h; sourceTree = "<group>"; };
		2126222A1C884856009A3028 /* TempleSecondViewController.m */ = {isa = PBXFileReference; fileEncoding = 4; lastKnownFileType = sourcecode.c.objc; path = TempleSecondViewController.m; sourceTree = "<group>"; };
		2126222C1C899BE7009A3028 /* NewsViewController.h */ = {isa = PBXFileReference; fileEncoding = 4; lastKnownFileType = sourcecode.c.h; path = NewsViewController.h; sourceTree = "<group>"; };
		2126222D1C899BE7009A3028 /* NewsViewController.m */ = {isa = PBXFileReference; fileEncoding = 4; lastKnownFileType = sourcecode.c.objc; path = NewsViewController.m; sourceTree = "<group>"; };
		21369ECA1CAB7FDC0064A04D /* place.jpg */ = {isa = PBXFileReference; lastKnownFileType = image.jpeg; path = place.jpg; sourceTree = "<group>"; };
		21369ECC1CAB81440064A04D /* MasterFirstViewController.h */ = {isa = PBXFileReference; fileEncoding = 4; lastKnownFileType = sourcecode.c.h; path = MasterFirstViewController.h; sourceTree = "<group>"; };
		21369ECD1CAB81440064A04D /* MasterFirstViewController.m */ = {isa = PBXFileReference; fileEncoding = 4; lastKnownFileType = sourcecode.c.objc; path = MasterFirstViewController.m; sourceTree = "<group>"; };
		21369ED21CABA1690064A04D /* 1_n@2x-2.png */ = {isa = PBXFileReference; lastKnownFileType = image.png; path = "1_n@2x-2.png"; sourceTree = "<group>"; };
		21369ED31CABA1690064A04D /* 1_n@2x.png */ = {isa = PBXFileReference; lastKnownFileType = image.png; path = "1_n@2x.png"; sourceTree = "<group>"; };
		21369ED41CABA1690064A04D /* 1_n@3x-2.png */ = {isa = PBXFileReference; lastKnownFileType = image.png; path = "1_n@3x-2.png"; sourceTree = "<group>"; };
		21369ED51CABA1690064A04D /* 1_n@3x.png */ = {isa = PBXFileReference; lastKnownFileType = image.png; path = "1_n@3x.png"; sourceTree = "<group>"; };
		21369ED61CABA1690064A04D /* 2_n@2x-2.png */ = {isa = PBXFileReference; lastKnownFileType = image.png; path = "2_n@2x-2.png"; sourceTree = "<group>"; };
		21369ED71CABA1690064A04D /* 2_n@2x.png */ = {isa = PBXFileReference; lastKnownFileType = image.png; path = "2_n@2x.png"; sourceTree = "<group>"; };
		21369ED81CABA1690064A04D /* 2_n@3x-2.png */ = {isa = PBXFileReference; lastKnownFileType = image.png; path = "2_n@3x-2.png"; sourceTree = "<group>"; };
		21369ED91CABA1690064A04D /* 2_n@3x.png */ = {isa = PBXFileReference; lastKnownFileType = image.png; path = "2_n@3x.png"; sourceTree = "<group>"; };
		21369EDA1CABA1690064A04D /* 3_n@2x-2.png */ = {isa = PBXFileReference; lastKnownFileType = image.png; path = "3_n@2x-2.png"; sourceTree = "<group>"; };
		21369EDB1CABA1690064A04D /* 3_n@2x.png */ = {isa = PBXFileReference; lastKnownFileType = image.png; path = "3_n@2x.png"; sourceTree = "<group>"; };
		21369EDC1CABA1690064A04D /* 3_n@3x-2.png */ = {isa = PBXFileReference; lastKnownFileType = image.png; path = "3_n@3x-2.png"; sourceTree = "<group>"; };
		21369EDD1CABA1690064A04D /* 3_n@3x.png */ = {isa = PBXFileReference; lastKnownFileType = image.png; path = "3_n@3x.png"; sourceTree = "<group>"; };
		21369EDE1CABA1690064A04D /* 4_n@2x-2.png */ = {isa = PBXFileReference; lastKnownFileType = image.png; path = "4_n@2x-2.png"; sourceTree = "<group>"; };
		21369EDF1CABA1690064A04D /* 4_n@2x.png */ = {isa = PBXFileReference; lastKnownFileType = image.png; path = "4_n@2x.png"; sourceTree = "<group>"; };
		21369EE01CABA1690064A04D /* 4_n@3x-2.png */ = {isa = PBXFileReference; lastKnownFileType = image.png; path = "4_n@3x-2.png"; sourceTree = "<group>"; };
		21369EE11CABA1690064A04D /* 4_n@3x.png */ = {isa = PBXFileReference; lastKnownFileType = image.png; path = "4_n@3x.png"; sourceTree = "<group>"; };
		21369EF21CABA2B70064A04D /* LZAutoScrollView.m */ = {isa = PBXFileReference; fileEncoding = 4; lastKnownFileType = sourcecode.c.objc; path = LZAutoScrollView.m; sourceTree = "<group>"; };
		21369EF31CABA2B70064A04D /* LZAutoScrollView.h */ = {isa = PBXFileReference; fileEncoding = 4; lastKnownFileType = sourcecode.c.h; path = LZAutoScrollView.h; sourceTree = "<group>"; };
		217B56BD1C868ED00077B23D /* smartemple.app */ = {isa = PBXFileReference; explicitFileType = wrapper.application; includeInIndex = 0; path = smartemple.app; sourceTree = BUILT_PRODUCTS_DIR; };
		217B56C11C868ED00077B23D /* main.m */ = {isa = PBXFileReference; lastKnownFileType = sourcecode.c.objc; path = main.m; sourceTree = "<group>"; };
		217B56C31C868ED00077B23D /* AppDelegate.h */ = {isa = PBXFileReference; lastKnownFileType = sourcecode.c.h; path = AppDelegate.h; sourceTree = "<group>"; };
		217B56C41C868ED00077B23D /* AppDelegate.m */ = {isa = PBXFileReference; lastKnownFileType = sourcecode.c.objc; path = AppDelegate.m; sourceTree = "<group>"; };
		217B56CA1C868ED00077B23D /* Base */ = {isa = PBXFileReference; lastKnownFileType = file.storyboard; name = Base; path = Base.lproj/Main.storyboard; sourceTree = "<group>"; };
		217B56CF1C868ED00077B23D /* Base */ = {isa = PBXFileReference; lastKnownFileType = file.storyboard; name = Base; path = Base.lproj/LaunchScreen.storyboard; sourceTree = "<group>"; };
		217B56D11C868ED00077B23D /* Info.plist */ = {isa = PBXFileReference; lastKnownFileType = text.plist.xml; path = Info.plist; sourceTree = "<group>"; };
		217B56D61C868ED00077B23D /* smartempleTests.xctest */ = {isa = PBXFileReference; explicitFileType = wrapper.cfbundle; includeInIndex = 0; path = smartempleTests.xctest; sourceTree = BUILT_PRODUCTS_DIR; };
		217B56DA1C868ED00077B23D /* smartempleTests.m */ = {isa = PBXFileReference; lastKnownFileType = sourcecode.c.objc; path = smartempleTests.m; sourceTree = "<group>"; };
		217B56DC1C868ED00077B23D /* Info.plist */ = {isa = PBXFileReference; lastKnownFileType = text.plist.xml; path = Info.plist; sourceTree = "<group>"; };
		217B56E11C868ED00077B23D /* smartempleUITests.xctest */ = {isa = PBXFileReference; explicitFileType = wrapper.cfbundle; includeInIndex = 0; path = smartempleUITests.xctest; sourceTree = BUILT_PRODUCTS_DIR; };
		217B56E51C868ED00077B23D /* smartempleUITests.m */ = {isa = PBXFileReference; lastKnownFileType = sourcecode.c.objc; path = smartempleUITests.m; sourceTree = "<group>"; };
		217B56E71C868ED00077B23D /* Info.plist */ = {isa = PBXFileReference; lastKnownFileType = text.plist.xml; path = Info.plist; sourceTree = "<group>"; };
		217B56FB1C8693E90077B23D /* MasterViewController.h */ = {isa = PBXFileReference; fileEncoding = 4; lastKnownFileType = sourcecode.c.h; path = MasterViewController.h; sourceTree = "<group>"; };
		217B56FC1C8693E90077B23D /* MasterViewController.m */ = {isa = PBXFileReference; fileEncoding = 4; lastKnownFileType = sourcecode.c.objc; path = MasterViewController.m; sourceTree = "<group>"; };
		217B56FE1C86940E0077B23D /* TempleViewController.h */ = {isa = PBXFileReference; fileEncoding = 4; lastKnownFileType = sourcecode.c.h; path = TempleViewController.h; sourceTree = "<group>"; };
		217B56FF1C86940E0077B23D /* TempleViewController.m */ = {isa = PBXFileReference; fileEncoding = 4; lastKnownFileType = sourcecode.c.objc; path = TempleViewController.m; sourceTree = "<group>"; };
		217B57011C8694500077B23D /* MakeViewController.h */ = {isa = PBXFileReference; fileEncoding = 4; lastKnownFileType = sourcecode.c.h; path = MakeViewController.h; sourceTree = "<group>"; };
		217B57021C8694500077B23D /* MakeViewController.m */ = {isa = PBXFileReference; fileEncoding = 4; lastKnownFileType = sourcecode.c.objc; path = MakeViewController.m; sourceTree = "<group>"; };
		217B57041C86945F0077B23D /* MyViewController.h */ = {isa = PBXFileReference; fileEncoding = 4; lastKnownFileType = sourcecode.c.h; path = MyViewController.h; sourceTree = "<group>"; };
		217B57051C86945F0077B23D /* MyViewController.m */ = {isa = PBXFileReference; fileEncoding = 4; lastKnownFileType = sourcecode.c.objc; path = MyViewController.m; sourceTree = "<group>"; };
		217B57081C86963E0077B23D /* dian.png */ = {isa = PBXFileReference; lastKnownFileType = image.png; path = dian.png; sourceTree = "<group>"; };
		217B570A1C86981B0077B23D /* LoginViewController.h */ = {isa = PBXFileReference; fileEncoding = 4; lastKnownFileType = sourcecode.c.h; path = LoginViewController.h; sourceTree = "<group>"; };
		217B570B1C86981B0077B23D /* LoginViewController.m */ = {isa = PBXFileReference; fileEncoding = 4; lastKnownFileType = sourcecode.c.objc; path = LoginViewController.m; sourceTree = "<group>"; };
		217B570D1C86982D0077B23D /* RegistViewController.h */ = {isa = PBXFileReference; fileEncoding = 4; lastKnownFileType = sourcecode.c.h; path = RegistViewController.h; sourceTree = "<group>"; };
		217B570E1C86982D0077B23D /* RegistViewController.m */ = {isa = PBXFileReference; fileEncoding = 4; lastKnownFileType = sourcecode.c.objc; path = RegistViewController.m; sourceTree = "<group>"; };
		217B57101C869B7E0077B23D /* smartemple.pch */ = {isa = PBXFileReference; lastKnownFileType = sourcecode.c.h; path = smartemple.pch; sourceTree = "<group>"; };
		217B57111C86E2490077B23D /* shareweixin@2x.png */ = {isa = PBXFileReference; lastKnownFileType = image.png; path = "shareweixin@2x.png"; sourceTree = "<group>"; };
		217B57121C86E2490077B23D /* shareweixin@3x.png */ = {isa = PBXFileReference; lastKnownFileType = image.png; path = "shareweixin@3x.png"; sourceTree = "<group>"; };
		217B57821C86E2EA0077B23D /* shareqq@2x.png */ = {isa = PBXFileReference; lastKnownFileType = image.png; path = "shareqq@2x.png"; sourceTree = "<group>"; };
		217B57831C86E2EA0077B23D /* shareqq@3x.png */ = {isa = PBXFileReference; lastKnownFileType = image.png; path = "shareqq@3x.png"; sourceTree = "<group>"; };
		217B57891C86F6B00077B23D /* TempleTableViewCell.h */ = {isa = PBXFileReference; fileEncoding = 4; lastKnownFileType = sourcecode.c.h; path = TempleTableViewCell.h; sourceTree = "<group>"; };
		217B578A1C86F6B00077B23D /* TempleTableViewCell.m */ = {isa = PBXFileReference; fileEncoding = 4; lastKnownFileType = sourcecode.c.objc; path = TempleTableViewCell.m; sourceTree = "<group>"; };
		217B57921C86F6ED0077B23D /* masterModel.h */ = {isa = PBXFileReference; fileEncoding = 4; lastKnownFileType = sourcecode.c.h; path = masterModel.h; sourceTree = "<group>"; };
		217B57931C86F6ED0077B23D /* masterModel.m */ = {isa = PBXFileReference; fileEncoding = 4; lastKnownFileType = sourcecode.c.objc; path = masterModel.m; sourceTree = "<group>"; };
		217B57951C86F6FE0077B23D /* TempleModel.h */ = {isa = PBXFileReference; fileEncoding = 4; lastKnownFileType = sourcecode.c.h; path = TempleModel.h; sourceTree = "<group>"; };
		217B57961C86F6FE0077B23D /* TempleModel.m */ = {isa = PBXFileReference; fileEncoding = 4; lastKnownFileType = sourcecode.c.objc; path = TempleModel.m; sourceTree = "<group>"; };
		217B579B1C86F76E0077B23D /* SpeechModel.h */ = {isa = PBXFileReference; fileEncoding = 4; lastKnownFileType = sourcecode.c.h; path = SpeechModel.h; sourceTree = "<group>"; };
		217B579C1C86F76E0077B23D /* SpeechModel.m */ = {isa = PBXFileReference; fileEncoding = 4; lastKnownFileType = sourcecode.c.objc; path = SpeechModel.m; sourceTree = "<group>"; };
		217B579E1C86F77C0077B23D /* NewsModel.h */ = {isa = PBXFileReference; fileEncoding = 4; lastKnownFileType = sourcecode.c.h; path = NewsModel.h; sourceTree = "<group>"; };
		217B579F1C86F77C0077B23D /* NewsModel.m */ = {isa = PBXFileReference; fileEncoding = 4; lastKnownFileType = sourcecode.c.objc; path = NewsModel.m; sourceTree = "<group>"; };
		217B57A11C86F7B20077B23D /* ActiviModel.h */ = {isa = PBXFileReference; fileEncoding = 4; lastKnownFileType = sourcecode.c.h; path = ActiviModel.h; sourceTree = "<group>"; };
		217B57A21C86F7B20077B23D /* ActiviModel.m */ = {isa = PBXFileReference; fileEncoding = 4; lastKnownFileType = sourcecode.c.objc; path = ActiviModel.m; sourceTree = "<group>"; };
		217B57A41C86F7CA0077B23D /* NeighModel.h */ = {isa = PBXFileReference; fileEncoding = 4; lastKnownFileType = sourcecode.c.h; path = NeighModel.h; sourceTree = "<group>"; };
		217B57A51C86F7CA0077B23D /* NeighModel.m */ = {isa = PBXFileReference; fileEncoding = 4; lastKnownFileType = sourcecode.c.objc; path = NeighModel.m; sourceTree = "<group>"; };
		217B57B41C86F99D0077B23D /* SpeechTableViewCell.h */ = {isa = PBXFileReference; fileEncoding = 4; lastKnownFileType = sourcecode.c.h; path = SpeechTableViewCell.h; sourceTree = "<group>"; };
		217B57B51C86F99D0077B23D /* SpeechTableViewCell.m */ = {isa = PBXFileReference; fileEncoding = 4; lastKnownFileType = sourcecode.c.objc; path = SpeechTableViewCell.m; sourceTree = "<group>"; };
		217B57B71C86F9AD0077B23D /* NewsTableViewCell.h */ = {isa = PBXFileReference; fileEncoding = 4; lastKnownFileType = sourcecode.c.h; path = NewsTableViewCell.h; sourceTree = "<group>"; };
		217B57B81C86F9AD0077B23D /* NewsTableViewCell.m */ = {isa = PBXFileReference; fileEncoding = 4; lastKnownFileType = sourcecode.c.objc; path = NewsTableViewCell.m; sourceTree = "<group>"; };
		217B57BD1C86F9C50077B23D /* NeighTableViewCell.h */ = {isa = PBXFileReference; fileEncoding = 4; lastKnownFileType = sourcecode.c.h; path = NeighTableViewCell.h; sourceTree = "<group>"; };
		217B57BE1C86F9C50077B23D /* NeighTableViewCell.m */ = {isa = PBXFileReference; fileEncoding = 4; lastKnownFileType = sourcecode.c.objc; path = NeighTableViewCell.m; sourceTree = "<group>"; };
		217B57C01C87CFE00077B23D /* ForgetViewController.h */ = {isa = PBXFileReference; fileEncoding = 4; lastKnownFileType = sourcecode.c.h; path = ForgetViewController.h; sourceTree = "<group>"; };
		217B57C11C87CFE00077B23D /* ForgetViewController.m */ = {isa = PBXFileReference; fileEncoding = 4; lastKnownFileType = sourcecode.c.objc; path = ForgetViewController.m; sourceTree = "<group>"; };
		217B57C91C87D6240077B23D /* UserModel.h */ = {isa = PBXFileReference; fileEncoding = 4; lastKnownFileType = sourcecode.c.h; path = UserModel.h; sourceTree = "<group>"; };
		217B57CA1C87D6240077B23D /* UserModel.m */ = {isa = PBXFileReference; fileEncoding = 4; lastKnownFileType = sourcecode.c.objc; path = UserModel.m; sourceTree = "<group>"; };
		217B57CC1C87DA9F0077B23D /* movieCover.png */ = {isa = PBXFileReference; lastKnownFileType = image.png; path = movieCover.png; sourceTree = "<group>"; };
		217B57CE1C87DAAC0077B23D /* myBackImg@2x.png */ = {isa = PBXFileReference; lastKnownFileType = image.png; path = "myBackImg@2x.png"; sourceTree = "<group>"; };
		217B57D01C87DAB90077B23D /* shareImg.png */ = {isa = PBXFileReference; lastKnownFileType = image.png; path = shareImg.png; sourceTree = "<group>"; };
		217B57D21C87DADC0077B23D /* movie@2x.png */ = {isa = PBXFileReference; lastKnownFileType = image.png; path = "movie@2x.png"; sourceTree = "<group>"; };
		217B57D41C87DAE80077B23D /* avatar@2x.png */ = {isa = PBXFileReference; lastKnownFileType = image.png; path = "avatar@2x.png"; sourceTree = "<group>"; };
		217B57D61C87E5B80077B23D /* MasterCollectionViewCell.h */ = {isa = PBXFileReference; fileEncoding = 4; lastKnownFileType = sourcecode.c.h; path = MasterCollectionViewCell.h; sourceTree = "<group>"; };
		217B57D71C87E5B80077B23D /* MasterCollectionViewCell.m */ = {isa = PBXFileReference; fileEncoding = 4; lastKnownFileType = sourcecode.c.objc; path = MasterCollectionViewCell.m; sourceTree = "<group>"; };
		217B57D91C87E7710077B23D /* UserTableViewCell.h */ = {isa = PBXFileReference; fileEncoding = 4; lastKnownFileType = sourcecode.c.h; path = UserTableViewCell.h; sourceTree = "<group>"; };
		217B57DA1C87E7710077B23D /* UserTableViewCell.m */ = {isa = PBXFileReference; fileEncoding = 4; lastKnownFileType = sourcecode.c.objc; path = UserTableViewCell.m; sourceTree = "<group>"; };
		217B57DD1C87EFCA0077B23D /* MyattentViewController.h */ = {isa = PBXFileReference; fileEncoding = 4; lastKnownFileType = sourcecode.c.h; path = MyattentViewController.h; sourceTree = "<group>"; };
		217B57DE1C87EFCA0077B23D /* MyattentViewController.m */ = {isa = PBXFileReference; fileEncoding = 4; lastKnownFileType = sourcecode.c.objc; path = MyattentViewController.m; sourceTree = "<group>"; };
		217B57E01C87EFEF0077B23D /* MydonateViewController.h */ = {isa = PBXFileReference; fileEncoding = 4; lastKnownFileType = sourcecode.c.h; path = MydonateViewController.h; sourceTree = "<group>"; };
		217B57E11C87EFEF0077B23D /* MydonateViewController.m */ = {isa = PBXFileReference; fileEncoding = 4; lastKnownFileType = sourcecode.c.objc; path = MydonateViewController.m; sourceTree = "<group>"; };
		217B57E31C87F0190077B23D /* MyprayViewController.h */ = {isa = PBXFileReference; fileEncoding = 4; lastKnownFileType = sourcecode.c.h; path = MyprayViewController.h; sourceTree = "<group>"; };
		217B57E41C87F0190077B23D /* MyprayViewController.m */ = {isa = PBXFileReference; fileEncoding = 4; lastKnownFileType = sourcecode.c.objc; path = MyprayViewController.m; sourceTree = "<group>"; };
		217B57E61C87F0420077B23D /* MyactivityViewController.h */ = {isa = PBXFileReference; fileEncoding = 4; lastKnownFileType = sourcecode.c.h; path = MyactivityViewController.h; sourceTree = "<group>"; };
		217B57E71C87F0420077B23D /* MyactivityViewController.m */ = {isa = PBXFileReference; fileEncoding = 4; lastKnownFileType = sourcecode.c.objc; path = MyactivityViewController.m; sourceTree = "<group>"; };
		217B57E91C87F0590077B23D /* MyworkViewController.h */ = {isa = PBXFileReference; fileEncoding = 4; lastKnownFileType = sourcecode.c.h; path = MyworkViewController.h; sourceTree = "<group>"; };
		217B57EA1C87F0590077B23D /* MyworkViewController.m */ = {isa = PBXFileReference; fileEncoding = 4; lastKnownFileType = sourcecode.c.objc; path = MyworkViewController.m; sourceTree = "<group>"; };
		217B57EC1C87F0700077B23D /* MynewsViewController.h */ = {isa = PBXFileReference; fileEncoding = 4; lastKnownFileType = sourcecode.c.h; path = MynewsViewController.h; sourceTree = "<group>"; };
		217B57ED1C87F0700077B23D /* MynewsViewController.m */ = {isa = PBXFileReference; fileEncoding = 4; lastKnownFileType = sourcecode.c.objc; path = MynewsViewController.m; sourceTree = "<group>"; };
		217B57EF1C87F08F0077B23D /* MysettingViewController.h */ = {isa = PBXFileReference; fileEncoding = 4; lastKnownFileType = sourcecode.c.h; path = MysettingViewController.h; sourceTree = "<group>"; };
		217B57F01C87F08F0077B23D /* MysettingViewController.m */ = {isa = PBXFileReference; fileEncoding = 4; lastKnownFileType = sourcecode.c.objc; path = MysettingViewController.m; sourceTree = "<group>"; };
		217B58111C881B8A0077B23D /* MasterSectionViewController.h */ = {isa = PBXFileReference; fileEncoding = 4; lastKnownFileType = sourcecode.c.h; path = MasterSectionViewController.h; sourceTree = "<group>"; };
		217B58121C881B8A0077B23D /* MasterSectionViewController.m */ = {isa = PBXFileReference; fileEncoding = 4; lastKnownFileType = sourcecode.c.objc; path = MasterSectionViewController.m; sourceTree = "<group>"; };
		21D7BF8E1CB372B60087A697 /* AleartHeadViewController.h */ = {isa = PBXFileReference; fileEncoding = 4; lastKnownFileType = sourcecode.c.h; path = AleartHeadViewController.h; sourceTree = "<group>"; };
		21D7BF8F1CB372B60087A697 /* AleartHeadViewController.m */ = {isa = PBXFileReference; fileEncoding = 4; lastKnownFileType = sourcecode.c.objc; path = AleartHeadViewController.m; sourceTree = "<group>"; };
		21D7BF911CB390CE0087A697 /* AleartNameViewController.h */ = {isa = PBXFileReference; fileEncoding = 4; lastKnownFileType = sourcecode.c.h; path = AleartNameViewController.h; sourceTree = "<group>"; };
		21D7BF921CB390CE0087A697 /* AleartNameViewController.m */ = {isa = PBXFileReference; fileEncoding = 4; lastKnownFileType = sourcecode.c.objc; path = AleartNameViewController.m; sourceTree = "<group>"; };
		21FBF62F1CAA2A7500262039 /* Reachability.h */ = {isa = PBXFileReference; fileEncoding = 4; lastKnownFileType = sourcecode.c.h; path = Reachability.h; sourceTree = "<group>"; };
		21FBF6301CAA2A7500262039 /* Reachability.m */ = {isa = PBXFileReference; fileEncoding = 4; lastKnownFileType = sourcecode.c.objc; path = Reachability.m; sourceTree = "<group>"; };
		21FBF6311CAA2A7500262039 /* Net.h */ = {isa = PBXFileReference; fileEncoding = 4; lastKnownFileType = sourcecode.c.h; path = Net.h; sourceTree = "<group>"; };
		21FBF6321CAA2A7500262039 /* Net.m */ = {isa = PBXFileReference; fileEncoding = 4; lastKnownFileType = sourcecode.c.objc; path = Net.m; sourceTree = "<group>"; };
		21FBF6331CAA2A7500262039 /* Verfiy.h */ = {isa = PBXFileReference; fileEncoding = 4; lastKnownFileType = sourcecode.c.h; path = Verfiy.h; sourceTree = "<group>"; };
		21FBF6341CAA2A7500262039 /* Verfiy.m */ = {isa = PBXFileReference; fileEncoding = 4; lastKnownFileType = sourcecode.c.objc; path = Verfiy.m; sourceTree = "<group>"; };
		21FBF6391CAA377900262039 /* SetinformationViewController.h */ = {isa = PBXFileReference; fileEncoding = 4; lastKnownFileType = sourcecode.c.h; path = SetinformationViewController.h; sourceTree = "<group>"; };
		21FBF63A1CAA377900262039 /* SetinformationViewController.m */ = {isa = PBXFileReference; fileEncoding = 4; lastKnownFileType = sourcecode.c.objc; path = SetinformationViewController.m; sourceTree = "<group>"; };
		21FBF63C1CAA537100262039 /* 默认头像.png */ = {isa = PBXFileReference; lastKnownFileType = image.png; path = "默认头像.png"; sourceTree = "<group>"; };
		257274644C6030719F03E7A3 /* Pods.debug.xcconfig */ = {isa = PBXFileReference; includeInIndex = 1; lastKnownFileType = text.xcconfig; name = Pods.debug.xcconfig; path = "Pods/Target Support Files/Pods/Pods.debug.xcconfig"; sourceTree = "<group>"; };
		5EFAD942A9BC0E795E5D5132 /* Pods.release.xcconfig */ = {isa = PBXFileReference; includeInIndex = 1; lastKnownFileType = text.xcconfig; name = Pods.release.xcconfig; path = "Pods/Target Support Files/Pods/Pods.release.xcconfig"; sourceTree = "<group>"; };
		C1ABAD18A58FF9383F5D27B7 /* libPods.a */ = {isa = PBXFileReference; explicitFileType = archive.ar; includeInIndex = 0; path = libPods.a; sourceTree = BUILT_PRODUCTS_DIR; };
/* End PBXFileReference section */

/* Begin PBXFrameworksBuildPhase section */
		217B56BA1C868ED00077B23D /* Frameworks */ = {
			isa = PBXFrameworksBuildPhase;
			buildActionMask = 2147483647;
			files = (
				88688FAE8BEDA818F8D089C4 /* libPods.a in Frameworks */,
			);
			runOnlyForDeploymentPostprocessing = 0;
		};
		217B56D31C868ED00077B23D /* Frameworks */ = {
			isa = PBXFrameworksBuildPhase;
			buildActionMask = 2147483647;
			files = (
			);
			runOnlyForDeploymentPostprocessing = 0;
		};
		217B56DE1C868ED00077B23D /* Frameworks */ = {
			isa = PBXFrameworksBuildPhase;
			buildActionMask = 2147483647;
			files = (
			);
			runOnlyForDeploymentPostprocessing = 0;
		};
/* End PBXFrameworksBuildPhase section */

/* Begin PBXGroup section */
		2108914B1C8D869900F8DD80 /* 祈福 */ = {
			isa = PBXGroup;
			children = (
				210891F41C914D2F00F8DD80 /* 全部祈福列表 */,
				210891F31C914D2C00F8DD80 /* 祈福详情列表 */,
				2108915B1C8D872500F8DD80 /* Wishmodel.h */,
				2108915C1C8D872500F8DD80 /* Wishmodel.m */,
				210891581C8D871500F8DD80 /* WishTableViewCell.h */,
				210891591C8D871500F8DD80 /* WishTableViewCell.m */,
			);
			name = "祈福";
			sourceTree = "<group>";
		};
		2108914C1C8D869C00F8DD80 /* 问答 */ = {
			isa = PBXGroup;
			children = (
				2108915E1C8D873900F8DD80 /* Questionmodel.h */,
				2108915F1C8D873900F8DD80 /* Questionmodel.m */,
				210891551C8D870700F8DD80 /* QuestionTableViewCell.h */,
				210891561C8D870700F8DD80 /* QuestionTableViewCell.m */,
			);
			name = "问答";
			sourceTree = "<group>";
		};
		2108914D1C8D869E00F8DD80 /* 时光轴 */ = {
			isa = PBXGroup;
			children = (
				2108914E1C8D86CF00F8DD80 /* Timelinemodel.h */,
				2108914F1C8D86CF00F8DD80 /* Timelinemodel.m */,
				210891521C8D86EA00F8DD80 /* TimelineTableViewCell.h */,
				210891531C8D86EA00F8DD80 /* TimelineTableViewCell.m */,
			);
			name = "时光轴";
			sourceTree = "<group>";
		};
		210891DA1C910D8500F8DD80 /* 众筹 */ = {
			isa = PBXGroup;
			children = (
				210891F11C914D0000F8DD80 /* 全部众筹列表 */,
				210891F21C914D1900F8DD80 /* 众筹详情列表 */,
				210891DC1C910DDF00F8DD80 /* DonationModel.h */,
				210891DD1C910DDF00F8DD80 /* DonationModel.m */,
				210891DF1C910EA300F8DD80 /* DonationTableViewCell.h */,
				210891E01C910EA300F8DD80 /* DonationTableViewCell.m */,
			);
			name = "众筹";
			sourceTree = "<group>";
		};
		210891E51C914C1D00F8DD80 /* 活动详情列表 */ = {
			isa = PBXGroup;
			children = (
				210891EA1C914C7900F8DD80 /* ActivitySecondViewController.h */,
				210891EB1C914C7900F8DD80 /* ActivitySecondViewController.m */,
			);
			name = "活动详情列表";
			sourceTree = "<group>";
		};
		210891E61C914C2200F8DD80 /* 全部活动列表 */ = {
			isa = PBXGroup;
			children = (
				210891E71C914C6400F8DD80 /* ActivityAllViewController.h */,
				210891E81C914C6500F8DD80 /* ActivityAllViewController.m */,
			);
			name = "全部活动列表";
			sourceTree = "<group>";
		};
		210891ED1C914C8E00F8DD80 /* 全部新闻列表 */ = {
			isa = PBXGroup;
			children = (
				210891EE1C914CA900F8DD80 /* NewsAllViewController.h */,
				210891EF1C914CA900F8DD80 /* NewsAllViewController.m */,
			);
			name = "全部新闻列表";
			sourceTree = "<group>";
		};
		210891F11C914D0000F8DD80 /* 全部众筹列表 */ = {
			isa = PBXGroup;
			children = (
				210891FB1C914D9400F8DD80 /* DonationAllViewController.h */,
				210891FC1C914D9400F8DD80 /* DonationAllViewController.m */,
			);
			name = "全部众筹列表";
			sourceTree = "<group>";
		};
		210891F21C914D1900F8DD80 /* 众筹详情列表 */ = {
			isa = PBXGroup;
			children = (
				210891FE1C914DA400F8DD80 /* DonationViewController.h */,
				210891FF1C914DA400F8DD80 /* DonationViewController.m */,
			);
			name = "众筹详情列表";
			sourceTree = "<group>";
		};
		210891F31C914D2C00F8DD80 /* 祈福详情列表 */ = {
			isa = PBXGroup;
			children = (
				210891F81C914D6C00F8DD80 /* WishViewController.h */,
				210891F91C914D6C00F8DD80 /* WishViewController.m */,
			);
			name = "祈福详情列表";
			sourceTree = "<group>";
		};
		210891F41C914D2F00F8DD80 /* 全部祈福列表 */ = {
			isa = PBXGroup;
			children = (
				210891F51C914D5900F8DD80 /* WishAllViewController.h */,
				210891F61C914D5900F8DD80 /* WishAllViewController.m */,
			);
			name = "全部祈福列表";
			sourceTree = "<group>";
		};
		212622281C884833009A3028 /* 寺院详情 */ = {
			isa = PBXGroup;
			children = (
				212622291C884856009A3028 /* TempleSecondViewController.h */,
				2126222A1C884856009A3028 /* TempleSecondViewController.m */,
			);
			name = "寺院详情";
			sourceTree = "<group>";
		};
		2126222F1C899BF1009A3028 /* 新闻详情 */ = {
			isa = PBXGroup;
			children = (
				2126222C1C899BE7009A3028 /* NewsViewController.h */,
				2126222D1C899BE7009A3028 /* NewsViewController.m */,
			);
			name = "新闻详情";
			sourceTree = "<group>";
		};
		217B56B41C868ED00077B23D = {
			isa = PBXGroup;
			children = (
				217B56BF1C868ED00077B23D /* smartemple */,
				217B56D91C868ED00077B23D /* smartempleTests */,
				217B56E41C868ED00077B23D /* smartempleUITests */,
				217B56BE1C868ED00077B23D /* Products */,
				5540BDBC963818BBDE842C7A /* Pods */,
				B1E1055E9F041B864A596BF7 /* Frameworks */,
			);
			sourceTree = "<group>";
		};
		217B56BE1C868ED00077B23D /* Products */ = {
			isa = PBXGroup;
			children = (
				217B56BD1C868ED00077B23D /* smartemple.app */,
				217B56D61C868ED00077B23D /* smartempleTests.xctest */,
				217B56E11C868ED00077B23D /* smartempleUITests.xctest */,
			);
			name = Products;
			sourceTree = "<group>";
		};
		217B56BF1C868ED00077B23D /* smartemple */ = {
			isa = PBXGroup;
			children = (
				217B56F51C8691590077B23D /* 登录、注册、设置基本信息 */,
				217B56F61C86915C0077B23D /* 全局文件 */,
				217B56F41C8691540077B23D /* 法师（第一个tableview） */,
				217B56FA1C8692270077B23D /* 寺院(第二个tableview） */,
				217B56F91C8692230077B23D /* 发现(第三个tableview) */,
				217B56F81C86921F0077B23D /* 我(第四个tableview) */,
				217B57071C8696150077B23D /* image */,
				217B57101C869B7E0077B23D /* smartemple.pch */,
				217B56C31C868ED00077B23D /* AppDelegate.h */,
				217B56C41C868ED00077B23D /* AppDelegate.m */,
				217B56CE1C868ED00077B23D /* LaunchScreen.storyboard */,
				217B56D11C868ED00077B23D /* Info.plist */,
				217B56C01C868ED00077B23D /* Supporting Files */,
			);
			path = smartemple;
			sourceTree = "<group>";
		};
		217B56C01C868ED00077B23D /* Supporting Files */ = {
			isa = PBXGroup;
			children = (
				217B56C11C868ED00077B23D /* main.m */,
			);
			name = "Supporting Files";
			sourceTree = "<group>";
		};
		217B56D91C868ED00077B23D /* smartempleTests */ = {
			isa = PBXGroup;
			children = (
				217B56DA1C868ED00077B23D /* smartempleTests.m */,
				217B56DC1C868ED00077B23D /* Info.plist */,
			);
			path = smartempleTests;
			sourceTree = "<group>";
		};
		217B56E41C868ED00077B23D /* smartempleUITests */ = {
			isa = PBXGroup;
			children = (
				217B56E51C868ED00077B23D /* smartempleUITests.m */,
				217B56E71C868ED00077B23D /* Info.plist */,
			);
			path = smartempleUITests;
			sourceTree = "<group>";
		};
		217B56F31C8691470077B23D /* 法师 */ = {
			isa = PBXGroup;
			children = (
				217B57921C86F6ED0077B23D /* masterModel.h */,
				217B57931C86F6ED0077B23D /* masterModel.m */,
				217B57D61C87E5B80077B23D /* MasterCollectionViewCell.h */,
				217B57D71C87E5B80077B23D /* MasterCollectionViewCell.m */,
				210891641C8FAFDA00F8DD80 /* MasterTableViewCell.h */,
				210891651C8FAFDA00F8DD80 /* MasterTableViewCell.m */,
				217B58101C881B600077B23D /* 法师详情 */,
			);
			name = "法师";
			sourceTree = "<group>";
		};
		217B56F41C8691540077B23D /* 法师（第一个tableview） */ = {
			isa = PBXGroup;
			children = (
				21369EF31CABA2B70064A04D /* LZAutoScrollView.h */,
				21369EF21CABA2B70064A04D /* LZAutoScrollView.m */,
				217B56FB1C8693E90077B23D /* MasterViewController.h */,
				217B56FC1C8693E90077B23D /* MasterViewController.m */,
				21369ECC1CAB81440064A04D /* MasterFirstViewController.h */,
				21369ECD1CAB81440064A04D /* MasterFirstViewController.m */,
			);
			name = "法师（第一个tableview）";
			sourceTree = "<group>";
		};
		217B56F51C8691590077B23D /* 登录、注册、设置基本信息 */ = {
			isa = PBXGroup;
			children = (
				21FBF6381CAA2A8300262039 /* 判断是否是手机号 */,
				217B56C91C868ED00077B23D /* Main.storyboard */,
				217B570A1C86981B0077B23D /* LoginViewController.h */,
				217B570B1C86981B0077B23D /* LoginViewController.m */,
				217B570D1C86982D0077B23D /* RegistViewController.h */,
				217B570E1C86982D0077B23D /* RegistViewController.m */,
				217B57C01C87CFE00077B23D /* ForgetViewController.h */,
				217B57C11C87CFE00077B23D /* ForgetViewController.m */,
				21FBF6391CAA377900262039 /* SetinformationViewController.h */,
				21FBF63A1CAA377900262039 /* SetinformationViewController.m */,
				21D7BF8E1CB372B60087A697 /* AleartHeadViewController.h */,
				21D7BF8F1CB372B60087A697 /* AleartHeadViewController.m */,
				21D7BF911CB390CE0087A697 /* AleartNameViewController.h */,
				21D7BF921CB390CE0087A697 /* AleartNameViewController.m */,
			);
			name = "登录、注册、设置基本信息";
			sourceTree = "<group>";
		};
		217B56F61C86915C0077B23D /* 全局文件 */ = {
			isa = PBXGroup;
			children = (
				217B57C81C87D5FE0077B23D /* 用户 */,
				217B56F31C8691470077B23D /* 法师 */,
				217B57C71C87D3C60077B23D /* 寺院 */,
				217B57C61C87D3C30077B23D /* 语音 */,
				217B57C51C87D3BC0077B23D /* 新闻 */,
				217B57C41C87D3B90077B23D /* 活动 */,
				217B57C31C87D3B50077B23D /* 附近 */,
				2108914D1C8D869E00F8DD80 /* 时光轴 */,
				2108914C1C8D869C00F8DD80 /* 问答 */,
				2108914B1C8D869900F8DD80 /* 祈福 */,
				210891DA1C910D8500F8DD80 /* 众筹 */,
			);
			name = "全局文件";
			sourceTree = "<group>";
		};
		217B56F81C86921F0077B23D /* 我(第四个tableview) */ = {
			isa = PBXGroup;
			children = (
				217B57DC1C87EF950077B23D /* 我的列表 */,
				217B57041C86945F0077B23D /* MyViewController.h */,
				217B57051C86945F0077B23D /* MyViewController.m */,
			);
			name = "我(第四个tableview)";
			sourceTree = "<group>";
		};
		217B56F91C8692230077B23D /* 发现(第三个tableview) */ = {
			isa = PBXGroup;
			children = (
				217B57011C8694500077B23D /* MakeViewController.h */,
				217B57021C8694500077B23D /* MakeViewController.m */,
			);
			name = "发现(第三个tableview)";
			sourceTree = "<group>";
		};
		217B56FA1C8692270077B23D /* 寺院(第二个tableview） */ = {
			isa = PBXGroup;
			children = (
				217B56FE1C86940E0077B23D /* TempleViewController.h */,
				217B56FF1C86940E0077B23D /* TempleViewController.m */,
			);
			name = "寺院(第二个tableview）";
			sourceTree = "<group>";
		};
		217B57071C8696150077B23D /* image */ = {
			isa = PBXGroup;
			children = (
				21369ED21CABA1690064A04D /* 1_n@2x-2.png */,
				21369ED31CABA1690064A04D /* 1_n@2x.png */,
				21369ED41CABA1690064A04D /* 1_n@3x-2.png */,
				21369ED51CABA1690064A04D /* 1_n@3x.png */,
				21369ED61CABA1690064A04D /* 2_n@2x-2.png */,
				21369ED71CABA1690064A04D /* 2_n@2x.png */,
				21369ED81CABA1690064A04D /* 2_n@3x-2.png */,
				21369ED91CABA1690064A04D /* 2_n@3x.png */,
				21369EDA1CABA1690064A04D /* 3_n@2x-2.png */,
				21369EDB1CABA1690064A04D /* 3_n@2x.png */,
				21369EDC1CABA1690064A04D /* 3_n@3x-2.png */,
				21369EDD1CABA1690064A04D /* 3_n@3x.png */,
				21369EDE1CABA1690064A04D /* 4_n@2x-2.png */,
				21369EDF1CABA1690064A04D /* 4_n@2x.png */,
				21369EE01CABA1690064A04D /* 4_n@3x-2.png */,
				21369EE11CABA1690064A04D /* 4_n@3x.png */,
				21FBF63C1CAA537100262039 /* 默认头像.png */,
				210891A11C8FDD1600F8DD80 /* 定格@2x.png */,
				210891A21C8FDD1600F8DD80 /* 定格@3x.png */,
				210891A31C8FDD1600F8DD80 /* 返回@2x.png */,
				210891A41C8FDD1600F8DD80 /* 返回@3x.png */,
				210891A51C8FDD1600F8DD80 /* 粉丝@2x.png */,
				210891A61C8FDD1600F8DD80 /* 粉丝@3x.png */,
				210891A71C8FDD1600F8DD80 /* 关注@2x.png */,
				210891A81C8FDD1600F8DD80 /* 关注@3x.png */,
				210891A91C8FDD1600F8DD80 /* 看过@2x.png */,
				210891AA1C8FDD1600F8DD80 /* 看过@3x.png */,
				210891AB1C8FDD1600F8DD80 /* 评论@2x.png */,
				210891AC1C8FDD1600F8DD80 /* 评论@3x.png */,
				210891AD1C8FDD1600F8DD80 /* 设置@2x.png */,
				210891AE1C8FDD1600F8DD80 /* 设置@3x.png */,
				210891AF1C8FDD1600F8DD80 /* 时间@2x.png */,
				210891B01C8FDD1600F8DD80 /* 时间@3x.png */,
				210891B11C8FDD1600F8DD80 /* 收藏@2x.png */,
				210891B21C8FDD1600F8DD80 /* 收藏@3x.png */,
				210891B31C8FDD1600F8DD80 /* 推荐电影@2x.png */,
				210891B41C8FDD1600F8DD80 /* 推荐电影@3x.png */,
				210891B51C8FDD1600F8DD80 /* 喜欢-black@2x.png */,
				210891B61C8FDD1600F8DD80 /* 喜欢-black@3x.png */,
				210891B71C8FDD1600F8DD80 /* 喜欢@2x.png */,
				210891B81C8FDD1600F8DD80 /* 喜欢@3x.png */,
				210891B91C8FDD1600F8DD80 /* 消息@2x.png */,
				210891BA1C8FDD1600F8DD80 /* 消息@3x.png */,
				210891BB1C8FDD1600F8DD80 /* 影品@2x.png */,
				210891BC1C8FDD1600F8DD80 /* 影品@3x.png */,
				210891951C8FDC6F00F8DD80 /* guanzhu_fabudingge@2x.png */,
				210891961C8FDC6F00F8DD80 /* guanzhu_fabudingge@3x.png */,
				210891971C8FDC6F00F8DD80 /* guanzhu_fabutuijian@2x.png */,
				210891981C8FDC6F00F8DD80 /* guanzhu_fabutuijian@3x.png */,
				210891991C8FDC6F00F8DD80 /* guanzhu_fabuyingping@2x.png */,
				2108919A1C8FDC6F00F8DD80 /* guanzhu_fabuyingping@3x.png */,
				2108918D1C8FDC5500F8DD80 /* jinghao@2x.png */,
				2108918E1C8FDC5500F8DD80 /* jinghao@3x.png */,
				2108918F1C8FDC5500F8DD80 /* kan@2x.png */,
				210891901C8FDC5500F8DD80 /* kan@3x.png */,
				2108918B1C8FD64800F8DD80 /* follow-selected@2x.png */,
				210891751C8FD36000F8DD80 /* 3x.png */,
				212622261C8844BB009A3028 /* xin.png */,
				217B57081C86963E0077B23D /* dian.png */,
				217B57821C86E2EA0077B23D /* shareqq@2x.png */,
				217B57831C86E2EA0077B23D /* shareqq@3x.png */,
				217B57111C86E2490077B23D /* shareweixin@2x.png */,
				217B57121C86E2490077B23D /* shareweixin@3x.png */,
				217B57CC1C87DA9F0077B23D /* movieCover.png */,
				217B57CE1C87DAAC0077B23D /* myBackImg@2x.png */,
				217B57D01C87DAB90077B23D /* shareImg.png */,
				217B57D41C87DAE80077B23D /* avatar@2x.png */,
				217B57D21C87DADC0077B23D /* movie@2x.png */,
				210891671C8FD09600F8DD80 /* smartemple-logo.png */,
				21369ECA1CAB7FDC0064A04D /* place.jpg */,
			);
			name = image;
			sourceTree = "<group>";
		};
		217B57C31C87D3B50077B23D /* 附近 */ = {
			isa = PBXGroup;
			children = (
				217B57A41C86F7CA0077B23D /* NeighModel.h */,
				217B57A51C86F7CA0077B23D /* NeighModel.m */,
				217B57BD1C86F9C50077B23D /* NeighTableViewCell.h */,
				217B57BE1C86F9C50077B23D /* NeighTableViewCell.m */,
			);
			name = "附近";
			sourceTree = "<group>";
		};
		217B57C41C87D3B90077B23D /* 活动 */ = {
			isa = PBXGroup;
			children = (
				210891E61C914C2200F8DD80 /* 全部活动列表 */,
				210891E51C914C1D00F8DD80 /* 活动详情列表 */,
				217B57A11C86F7B20077B23D /* ActiviModel.h */,
				217B57A21C86F7B20077B23D /* ActiviModel.m */,
				210891611C8D879000F8DD80 /* ActiviTableViewCell.h */,
				210891621C8D879000F8DD80 /* ActiviTableViewCell.m */,
				210891E21C911EA400F8DD80 /* ActivitySecondTableViewCell.h */,
				210891E31C911EA400F8DD80 /* ActivitySecondTableViewCell.m */,
			);
			name = "活动";
			sourceTree = "<group>";
		};
		217B57C51C87D3BC0077B23D /* 新闻 */ = {
			isa = PBXGroup;
			children = (
				210891ED1C914C8E00F8DD80 /* 全部新闻列表 */,
				2126222F1C899BF1009A3028 /* 新闻详情 */,
				217B579E1C86F77C0077B23D /* NewsModel.h */,
				217B579F1C86F77C0077B23D /* NewsModel.m */,
				217B57B71C86F9AD0077B23D /* NewsTableViewCell.h */,
				217B57B81C86F9AD0077B23D /* NewsTableViewCell.m */,
			);
			name = "新闻";
			sourceTree = "<group>";
		};
		217B57C61C87D3C30077B23D /* 语音 */ = {
			isa = PBXGroup;
			children = (
				217B579B1C86F76E0077B23D /* SpeechModel.h */,
				217B579C1C86F76E0077B23D /* SpeechModel.m */,
				217B57B41C86F99D0077B23D /* SpeechTableViewCell.h */,
				217B57B51C86F99D0077B23D /* SpeechTableViewCell.m */,
			);
			name = "语音";
			sourceTree = "<group>";
		};
		217B57C71C87D3C60077B23D /* 寺院 */ = {
			isa = PBXGroup;
			children = (
				217B57951C86F6FE0077B23D /* TempleModel.h */,
				217B57961C86F6FE0077B23D /* TempleModel.m */,
				217B57891C86F6B00077B23D /* TempleTableViewCell.h */,
				217B578A1C86F6B00077B23D /* TempleTableViewCell.m */,
				212622281C884833009A3028 /* 寺院详情 */,
			);
			name = "寺院";
			sourceTree = "<group>";
		};
		217B57C81C87D5FE0077B23D /* 用户 */ = {
			isa = PBXGroup;
			children = (
				217B57C91C87D6240077B23D /* UserModel.h */,
				217B57CA1C87D6240077B23D /* UserModel.m */,
				217B57D91C87E7710077B23D /* UserTableViewCell.h */,
				217B57DA1C87E7710077B23D /* UserTableViewCell.m */,
			);
			name = "用户";
			sourceTree = "<group>";
		};
		217B57DC1C87EF950077B23D /* 我的列表 */ = {
			isa = PBXGroup;
			children = (
				217B57DD1C87EFCA0077B23D /* MyattentViewController.h */,
				217B57DE1C87EFCA0077B23D /* MyattentViewController.m */,
				217B57E01C87EFEF0077B23D /* MydonateViewController.h */,
				217B57E11C87EFEF0077B23D /* MydonateViewController.m */,
				217B57E31C87F0190077B23D /* MyprayViewController.h */,
				217B57E41C87F0190077B23D /* MyprayViewController.m */,
				217B57E61C87F0420077B23D /* MyactivityViewController.h */,
				217B57E71C87F0420077B23D /* MyactivityViewController.m */,
				217B57E91C87F0590077B23D /* MyworkViewController.h */,
				217B57EA1C87F0590077B23D /* MyworkViewController.m */,
				217B57EC1C87F0700077B23D /* MynewsViewController.h */,
				217B57ED1C87F0700077B23D /* MynewsViewController.m */,
				217B57EF1C87F08F0077B23D /* MysettingViewController.h */,
				217B57F01C87F08F0077B23D /* MysettingViewController.m */,
			);
			name = "我的列表";
			sourceTree = "<group>";
		};
		217B58101C881B600077B23D /* 法师详情 */ = {
			isa = PBXGroup;
			children = (
				217B58111C881B8A0077B23D /* MasterSectionViewController.h */,
				217B58121C881B8A0077B23D /* MasterSectionViewController.m */,
			);
			name = "法师详情";
			sourceTree = "<group>";
		};
		21FBF6381CAA2A8300262039 /* 判断是否是手机号 */ = {
			isa = PBXGroup;
			children = (
				21FBF62F1CAA2A7500262039 /* Reachability.h */,
				21FBF6301CAA2A7500262039 /* Reachability.m */,
				21FBF6311CAA2A7500262039 /* Net.h */,
				21FBF6321CAA2A7500262039 /* Net.m */,
				21FBF6331CAA2A7500262039 /* Verfiy.h */,
				21FBF6341CAA2A7500262039 /* Verfiy.m */,
			);
			name = "判断是否是手机号";
			sourceTree = "<group>";
		};
		5540BDBC963818BBDE842C7A /* Pods */ = {
			isa = PBXGroup;
			children = (
				257274644C6030719F03E7A3 /* Pods.debug.xcconfig */,
				5EFAD942A9BC0E795E5D5132 /* Pods.release.xcconfig */,
			);
			name = Pods;
			sourceTree = "<group>";
		};
		B1E1055E9F041B864A596BF7 /* Frameworks */ = {
			isa = PBXGroup;
			children = (
				C1ABAD18A58FF9383F5D27B7 /* libPods.a */,
			);
			name = Frameworks;
			sourceTree = "<group>";
		};
/* End PBXGroup section */

/* Begin PBXNativeTarget section */
		217B56BC1C868ED00077B23D /* smartemple */ = {
			isa = PBXNativeTarget;
			buildConfigurationList = 217B56EA1C868ED00077B23D /* Build configuration list for PBXNativeTarget "smartemple" */;
			buildPhases = (
				DA7F06D602CAE0844A5EA59B /* Check Pods Manifest.lock */,
				217B56B91C868ED00077B23D /* Sources */,
				217B56BA1C868ED00077B23D /* Frameworks */,
				217B56BB1C868ED00077B23D /* Resources */,
				797F050119AEA5098F6FEBD1 /* Copy Pods Resources */,
			);
			buildRules = (
			);
			dependencies = (
			);
			name = smartemple;
			productName = smartemple;
			productReference = 217B56BD1C868ED00077B23D /* smartemple.app */;
			productType = "com.apple.product-type.application";
		};
		217B56D51C868ED00077B23D /* smartempleTests */ = {
			isa = PBXNativeTarget;
			buildConfigurationList = 217B56ED1C868ED00077B23D /* Build configuration list for PBXNativeTarget "smartempleTests" */;
			buildPhases = (
				217B56D21C868ED00077B23D /* Sources */,
				217B56D31C868ED00077B23D /* Frameworks */,
				217B56D41C868ED00077B23D /* Resources */,
			);
			buildRules = (
			);
			dependencies = (
				217B56D81C868ED00077B23D /* PBXTargetDependency */,
			);
			name = smartempleTests;
			productName = smartempleTests;
			productReference = 217B56D61C868ED00077B23D /* smartempleTests.xctest */;
			productType = "com.apple.product-type.bundle.unit-test";
		};
		217B56E01C868ED00077B23D /* smartempleUITests */ = {
			isa = PBXNativeTarget;
			buildConfigurationList = 217B56F01C868ED00077B23D /* Build configuration list for PBXNativeTarget "smartempleUITests" */;
			buildPhases = (
				217B56DD1C868ED00077B23D /* Sources */,
				217B56DE1C868ED00077B23D /* Frameworks */,
				217B56DF1C868ED00077B23D /* Resources */,
			);
			buildRules = (
			);
			dependencies = (
				217B56E31C868ED00077B23D /* PBXTargetDependency */,
			);
			name = smartempleUITests;
			productName = smartempleUITests;
			productReference = 217B56E11C868ED00077B23D /* smartempleUITests.xctest */;
			productType = "com.apple.product-type.bundle.ui-testing";
		};
/* End PBXNativeTarget section */

/* Begin PBXProject section */
		217B56B51C868ED00077B23D /* Project object */ = {
			isa = PBXProject;
			attributes = {
				LastUpgradeCheck = 0710;
				ORGANIZATIONNAME = wang;
				TargetAttributes = {
					217B56BC1C868ED00077B23D = {
						CreatedOnToolsVersion = 7.1.1;
					};
					217B56D51C868ED00077B23D = {
						CreatedOnToolsVersion = 7.1.1;
						TestTargetID = 217B56BC1C868ED00077B23D;
					};
					217B56E01C868ED00077B23D = {
						CreatedOnToolsVersion = 7.1.1;
						TestTargetID = 217B56BC1C868ED00077B23D;
					};
				};
			};
			buildConfigurationList = 217B56B81C868ED00077B23D /* Build configuration list for PBXProject "smartemple" */;
			compatibilityVersion = "Xcode 3.2";
			developmentRegion = English;
			hasScannedForEncodings = 0;
			knownRegions = (
				en,
				Base,
			);
			mainGroup = 217B56B41C868ED00077B23D;
			productRefGroup = 217B56BE1C868ED00077B23D /* Products */;
			projectDirPath = "";
			projectRoot = "";
			targets = (
				217B56BC1C868ED00077B23D /* smartemple */,
				217B56D51C868ED00077B23D /* smartempleTests */,
				217B56E01C868ED00077B23D /* smartempleUITests */,
			);
		};
/* End PBXProject section */

/* Begin PBXResourcesBuildPhase section */
		217B56BB1C868ED00077B23D /* Resources */ = {
			isa = PBXResourcesBuildPhase;
			buildActionMask = 2147483647;
			files = (
				210891861C8FD36000F8DD80 /* 3x.png in Resources */,
				210891921C8FDC5500F8DD80 /* jinghao@3x.png in Resources */,
				2108919F1C8FDC6F00F8DD80 /* guanzhu_fabuyingping@2x.png in Resources */,
				217B56D01C868ED00077B23D /* LaunchScreen.storyboard in Resources */,
				21369EEF1CABA1690064A04D /* 4_n@2x.png in Resources */,
				210891D31C8FDD1600F8DD80 /* 喜欢@2x.png in Resources */,
				210891BD1C8FDD1600F8DD80 /* 定格@2x.png in Resources */,
				21369EE41CABA1690064A04D /* 1_n@3x-2.png in Resources */,
				21369EEB1CABA1690064A04D /* 3_n@2x.png in Resources */,
				21369EE21CABA1690064A04D /* 1_n@2x-2.png in Resources */,
				210891C81C8FDD1600F8DD80 /* 评论@3x.png in Resources */,
				210891911C8FDC5500F8DD80 /* jinghao@2x.png in Resources */,
				21369EE51CABA1690064A04D /* 1_n@3x.png in Resources */,
				210891A01C8FDC6F00F8DD80 /* guanzhu_fabuyingping@3x.png in Resources */,
				2108918C1C8FD64800F8DD80 /* follow-selected@2x.png in Resources */,
				2108919B1C8FDC6F00F8DD80 /* guanzhu_fabudingge@2x.png in Resources */,
				210891C61C8FDD1600F8DD80 /* 看过@3x.png in Resources */,
				210891CB1C8FDD1600F8DD80 /* 时间@2x.png in Resources */,
				210891C11C8FDD1600F8DD80 /* 粉丝@2x.png in Resources */,
				217B57141C86E2490077B23D /* shareweixin@3x.png in Resources */,
				217B57CD1C87DA9F0077B23D /* movieCover.png in Resources */,
				210891941C8FDC5500F8DD80 /* kan@3x.png in Resources */,
				21369EE71CABA1690064A04D /* 2_n@2x.png in Resources */,
				21369EF01CABA1690064A04D /* 4_n@3x-2.png in Resources */,
				210891D11C8FDD1600F8DD80 /* 喜欢-black@2x.png in Resources */,
				2108919C1C8FDC6F00F8DD80 /* guanzhu_fabudingge@3x.png in Resources */,
				2108919E1C8FDC6F00F8DD80 /* guanzhu_fabutuijian@3x.png in Resources */,
				21FBF63D1CAA537100262039 /* 默认头像.png in Resources */,
				210891CF1C8FDD1600F8DD80 /* 推荐电影@2x.png in Resources */,
				210891D81C8FDD1600F8DD80 /* 影品@3x.png in Resources */,
				21369EED1CABA1690064A04D /* 3_n@3x.png in Resources */,
				210891CE1C8FDD1600F8DD80 /* 收藏@3x.png in Resources */,
				21369EEA1CABA1690064A04D /* 3_n@2x-2.png in Resources */,
				21369ECB1CAB7FDC0064A04D /* place.jpg in Resources */,
				217B57D51C87DAE80077B23D /* avatar@2x.png in Resources */,
				210891C71C8FDD1600F8DD80 /* 评论@2x.png in Resources */,
				210891CD1C8FDD1600F8DD80 /* 收藏@2x.png in Resources */,
				21369EEE1CABA1690064A04D /* 4_n@2x-2.png in Resources */,
				217B57131C86E2490077B23D /* shareweixin@2x.png in Resources */,
				210891D41C8FDD1600F8DD80 /* 喜欢@3x.png in Resources */,
				21369EE31CABA1690064A04D /* 1_n@2x.png in Resources */,
				217B57D31C87DADC0077B23D /* movie@2x.png in Resources */,
				217B57851C86E2EA0077B23D /* shareqq@3x.png in Resources */,
				210891C01C8FDD1600F8DD80 /* 返回@3x.png in Resources */,
				2108919D1C8FDC6F00F8DD80 /* guanzhu_fabutuijian@2x.png in Resources */,
				21369EE91CABA1690064A04D /* 2_n@3x.png in Resources */,
				217B57CF1C87DAAC0077B23D /* myBackImg@2x.png in Resources */,
				210891C51C8FDD1600F8DD80 /* 看过@2x.png in Resources */,
				210891C41C8FDD1600F8DD80 /* 关注@3x.png in Resources */,
				210891C21C8FDD1600F8DD80 /* 粉丝@3x.png in Resources */,
				210891CC1C8FDD1600F8DD80 /* 时间@3x.png in Resources */,
				210891C31C8FDD1600F8DD80 /* 关注@2x.png in Resources */,
				217B56CB1C868ED00077B23D /* Main.storyboard in Resources */,
				217B57D11C87DAB90077B23D /* shareImg.png in Resources */,
				210891D51C8FDD1600F8DD80 /* 消息@2x.png in Resources */,
				21369EEC1CABA1690064A04D /* 3_n@3x-2.png in Resources */,
				210891BF1C8FDD1600F8DD80 /* 返回@2x.png in Resources */,
				21369EF11CABA1690064A04D /* 4_n@3x.png in Resources */,
				21369EE61CABA1690064A04D /* 2_n@2x-2.png in Resources */,
				210891CA1C8FDD1600F8DD80 /* 设置@3x.png in Resources */,
				217B57091C86963E0077B23D /* dian.png in Resources */,
				210891681C8FD09600F8DD80 /* smartemple-logo.png in Resources */,
				217B57841C86E2EA0077B23D /* shareqq@2x.png in Resources */,
				210891D21C8FDD1600F8DD80 /* 喜欢-black@3x.png in Resources */,
				210891C91C8FDD1600F8DD80 /* 设置@2x.png in Resources */,
				210891931C8FDC5500F8DD80 /* kan@2x.png in Resources */,
				210891D71C8FDD1600F8DD80 /* 影品@2x.png in Resources */,
				210891D01C8FDD1600F8DD80 /* 推荐电影@3x.png in Resources */,
				210891BE1C8FDD1600F8DD80 /* 定格@3x.png in Resources */,
				210891D61C8FDD1600F8DD80 /* 消息@3x.png in Resources */,
				21369EE81CABA1690064A04D /* 2_n@3x-2.png in Resources */,
				212622271C8844BB009A3028 /* xin.png in Resources */,
			);
			runOnlyForDeploymentPostprocessing = 0;
		};
		217B56D41C868ED00077B23D /* Resources */ = {
			isa = PBXResourcesBuildPhase;
			buildActionMask = 2147483647;
			files = (
			);
			runOnlyForDeploymentPostprocessing = 0;
		};
		217B56DF1C868ED00077B23D /* Resources */ = {
			isa = PBXResourcesBuildPhase;
			buildActionMask = 2147483647;
			files = (
			);
			runOnlyForDeploymentPostprocessing = 0;
		};
/* End PBXResourcesBuildPhase section */

/* Begin PBXShellScriptBuildPhase section */
		797F050119AEA5098F6FEBD1 /* Copy Pods Resources */ = {
			isa = PBXShellScriptBuildPhase;
			buildActionMask = 2147483647;
			files = (
			);
			inputPaths = (
			);
			name = "Copy Pods Resources";
			outputPaths = (
			);
			runOnlyForDeploymentPostprocessing = 0;
			shellPath = /bin/sh;
			shellScript = "\"${SRCROOT}/Pods/Target Support Files/Pods/Pods-resources.sh\"\n";
			showEnvVarsInLog = 0;
		};
		DA7F06D602CAE0844A5EA59B /* Check Pods Manifest.lock */ = {
			isa = PBXShellScriptBuildPhase;
			buildActionMask = 2147483647;
			files = (
			);
			inputPaths = (
			);
			name = "Check Pods Manifest.lock";
			outputPaths = (
			);
			runOnlyForDeploymentPostprocessing = 0;
			shellPath = /bin/sh;
			shellScript = "diff \"${PODS_ROOT}/../Podfile.lock\" \"${PODS_ROOT}/Manifest.lock\" > /dev/null\nif [[ $? != 0 ]] ; then\n    cat << EOM\nerror: The sandbox is not in sync with the Podfile.lock. Run 'pod install' or update your CocoaPods installation.\nEOM\n    exit 1\nfi\n";
			showEnvVarsInLog = 0;
		};
/* End PBXShellScriptBuildPhase section */

/* Begin PBXSourcesBuildPhase section */
		217B56B91C868ED00077B23D /* Sources */ = {
			isa = PBXSourcesBuildPhase;
			buildActionMask = 2147483647;
			files = (
				210891FD1C914D9400F8DD80 /* DonationAllViewController.m in Sources */,
				217B57DF1C87EFCA0077B23D /* MyattentViewController.m in Sources */,
				21D7BF931CB390CE0087A697 /* AleartNameViewController.m in Sources */,
				217B57B61C86F99D0077B23D /* SpeechTableViewCell.m in Sources */,
				210891F71C914D5900F8DD80 /* WishAllViewController.m in Sources */,
				217B57A01C86F77C0077B23D /* NewsModel.m in Sources */,
				217B57E81C87F0420077B23D /* MyactivityViewController.m in Sources */,
				210891541C8D86EA00F8DD80 /* TimelineTableViewCell.m in Sources */,
				21FBF6361CAA2A7500262039 /* Net.m in Sources */,
				217B57DB1C87E7710077B23D /* UserTableViewCell.m in Sources */,
				21369ECE1CAB81440064A04D /* MasterFirstViewController.m in Sources */,
				217B57D81C87E5B80077B23D /* MasterCollectionViewCell.m in Sources */,
				217B579D1C86F76E0077B23D /* SpeechModel.m in Sources */,
				217B570C1C86981B0077B23D /* LoginViewController.m in Sources */,
				217B56FD1C8693E90077B23D /* MasterViewController.m in Sources */,
				210891601C8D873900F8DD80 /* Questionmodel.m in Sources */,
				210891E91C914C6500F8DD80 /* ActivityAllViewController.m in Sources */,
				210891631C8D879000F8DD80 /* ActiviTableViewCell.m in Sources */,
				217B57001C86940E0077B23D /* TempleViewController.m in Sources */,
				217B578B1C86F6B00077B23D /* TempleTableViewCell.m in Sources */,
				210891E41C911EA400F8DD80 /* ActivitySecondTableViewCell.m in Sources */,
				217B57BF1C86F9C50077B23D /* NeighTableViewCell.m in Sources */,
				217B57941C86F6ED0077B23D /* masterModel.m in Sources */,
				217B56C51C868ED00077B23D /* AppDelegate.m in Sources */,
				217B57EE1C87F0700077B23D /* MynewsViewController.m in Sources */,
				217B570F1C86982D0077B23D /* RegistViewController.m in Sources */,
				217B57F11C87F08F0077B23D /* MysettingViewController.m in Sources */,
				217B57031C8694500077B23D /* MakeViewController.m in Sources */,
				21FBF6351CAA2A7500262039 /* Reachability.m in Sources */,
				210891E11C910EA300F8DD80 /* DonationTableViewCell.m in Sources */,
				210891FA1C914D6C00F8DD80 /* WishViewController.m in Sources */,
				217B57EB1C87F0590077B23D /* MyworkViewController.m in Sources */,
				21FBF63B1CAA377900262039 /* SetinformationViewController.m in Sources */,
				210891F01C914CA900F8DD80 /* NewsAllViewController.m in Sources */,
				2108915D1C8D872500F8DD80 /* Wishmodel.m in Sources */,
				210891661C8FAFDA00F8DD80 /* MasterTableViewCell.m in Sources */,
				21FBF6371CAA2A7500262039 /* Verfiy.m in Sources */,
				210891DE1C910DDF00F8DD80 /* DonationModel.m in Sources */,
				217B57E51C87F0190077B23D /* MyprayViewController.m in Sources */,
				2108915A1C8D871500F8DD80 /* WishTableViewCell.m in Sources */,
				217B57CB1C87D6240077B23D /* UserModel.m in Sources */,
				210891501C8D86CF00F8DD80 /* Timelinemodel.m in Sources */,
				217B57971C86F6FE0077B23D /* TempleModel.m in Sources */,
				210891571C8D870700F8DD80 /* QuestionTableViewCell.m in Sources */,
				217B56C21C868ED00077B23D /* main.m in Sources */,
				217B57B91C86F9AD0077B23D /* NewsTableViewCell.m in Sources */,
				2126222B1C884856009A3028 /* TempleSecondViewController.m in Sources */,
				21369EF41CABA2B70064A04D /* LZAutoScrollView.m in Sources */,
				210891EC1C914C7900F8DD80 /* ActivitySecondViewController.m in Sources */,
				217B58131C881B8A0077B23D /* MasterSectionViewController.m in Sources */,
				2126222E1C899BE7009A3028 /* NewsViewController.m in Sources */,
				217B57061C86945F0077B23D /* MyViewController.m in Sources */,
				217B57A61C86F7CA0077B23D /* NeighModel.m in Sources */,
				21D7BF901CB372B60087A697 /* AleartHeadViewController.m in Sources */,
				210892001C914DA400F8DD80 /* DonationViewController.m in Sources */,
				217B57C21C87CFE00077B23D /* ForgetViewController.m in Sources */,
				217B57A31C86F7B20077B23D /* ActiviModel.m in Sources */,
				217B57E21C87EFEF0077B23D /* MydonateViewController.m in Sources */,
			);
			runOnlyForDeploymentPostprocessing = 0;
		};
		217B56D21C868ED00077B23D /* Sources */ = {
			isa = PBXSourcesBuildPhase;
			buildActionMask = 2147483647;
			files = (
				217B56DB1C868ED00077B23D /* smartempleTests.m in Sources */,
			);
			runOnlyForDeploymentPostprocessing = 0;
		};
		217B56DD1C868ED00077B23D /* Sources */ = {
			isa = PBXSourcesBuildPhase;
			buildActionMask = 2147483647;
			files = (
				217B56E61C868ED00077B23D /* smartempleUITests.m in Sources */,
			);
			runOnlyForDeploymentPostprocessing = 0;
		};
/* End PBXSourcesBuildPhase section */

/* Begin PBXTargetDependency section */
		217B56D81C868ED00077B23D /* PBXTargetDependency */ = {
			isa = PBXTargetDependency;
			target = 217B56BC1C868ED00077B23D /* smartemple */;
			targetProxy = 217B56D71C868ED00077B23D /* PBXContainerItemProxy */;
		};
		217B56E31C868ED00077B23D /* PBXTargetDependency */ = {
			isa = PBXTargetDependency;
			target = 217B56BC1C868ED00077B23D /* smartemple */;
			targetProxy = 217B56E21C868ED00077B23D /* PBXContainerItemProxy */;
		};
/* End PBXTargetDependency section */

/* Begin PBXVariantGroup section */
		217B56C91C868ED00077B23D /* Main.storyboard */ = {
			isa = PBXVariantGroup;
			children = (
				217B56CA1C868ED00077B23D /* Base */,
			);
			name = Main.storyboard;
			sourceTree = "<group>";
		};
		217B56CE1C868ED00077B23D /* LaunchScreen.storyboard */ = {
			isa = PBXVariantGroup;
			children = (
				217B56CF1C868ED00077B23D /* Base */,
			);
			name = LaunchScreen.storyboard;
			sourceTree = "<group>";
		};
/* End PBXVariantGroup section */

/* Begin XCBuildConfiguration section */
		217B56E81C868ED00077B23D /* Debug */ = {
			isa = XCBuildConfiguration;
			buildSettings = {
				ALWAYS_SEARCH_USER_PATHS = NO;
				CLANG_CXX_LANGUAGE_STANDARD = "gnu++0x";
				CLANG_CXX_LIBRARY = "libc++";
				CLANG_ENABLE_MODULES = YES;
				CLANG_ENABLE_OBJC_ARC = YES;
				CLANG_WARN_BOOL_CONVERSION = YES;
				CLANG_WARN_CONSTANT_CONVERSION = YES;
				CLANG_WARN_DIRECT_OBJC_ISA_USAGE = YES_ERROR;
				CLANG_WARN_EMPTY_BODY = YES;
				CLANG_WARN_ENUM_CONVERSION = YES;
				CLANG_WARN_INT_CONVERSION = YES;
				CLANG_WARN_OBJC_ROOT_CLASS = YES_ERROR;
				CLANG_WARN_UNREACHABLE_CODE = YES;
				CLANG_WARN__DUPLICATE_METHOD_MATCH = YES;
				"CODE_SIGN_IDENTITY[sdk=iphoneos*]" = "iPhone Developer";
				COPY_PHASE_STRIP = NO;
				DEBUG_INFORMATION_FORMAT = dwarf;
				ENABLE_STRICT_OBJC_MSGSEND = YES;
				ENABLE_TESTABILITY = YES;
				GCC_C_LANGUAGE_STANDARD = gnu99;
				GCC_DYNAMIC_NO_PIC = NO;
				GCC_NO_COMMON_BLOCKS = YES;
				GCC_OPTIMIZATION_LEVEL = 0;
				GCC_PREPROCESSOR_DEFINITIONS = (
					"DEBUG=1",
					"$(inherited)",
				);
				GCC_WARN_64_TO_32_BIT_CONVERSION = YES;
				GCC_WARN_ABOUT_RETURN_TYPE = YES_ERROR;
				GCC_WARN_UNDECLARED_SELECTOR = YES;
				GCC_WARN_UNINITIALIZED_AUTOS = YES_AGGRESSIVE;
				GCC_WARN_UNUSED_FUNCTION = YES;
				GCC_WARN_UNUSED_VARIABLE = YES;
				IPHONEOS_DEPLOYMENT_TARGET = 9.1;
				MTL_ENABLE_DEBUG_INFO = YES;
				ONLY_ACTIVE_ARCH = YES;
				SDKROOT = iphoneos;
			};
			name = Debug;
		};
		217B56E91C868ED00077B23D /* Release */ = {
			isa = XCBuildConfiguration;
			buildSettings = {
				ALWAYS_SEARCH_USER_PATHS = NO;
				CLANG_CXX_LANGUAGE_STANDARD = "gnu++0x";
				CLANG_CXX_LIBRARY = "libc++";
				CLANG_ENABLE_MODULES = YES;
				CLANG_ENABLE_OBJC_ARC = YES;
				CLANG_WARN_BOOL_CONVERSION = YES;
				CLANG_WARN_CONSTANT_CONVERSION = YES;
				CLANG_WARN_DIRECT_OBJC_ISA_USAGE = YES_ERROR;
				CLANG_WARN_EMPTY_BODY = YES;
				CLANG_WARN_ENUM_CONVERSION = YES;
				CLANG_WARN_INT_CONVERSION = YES;
				CLANG_WARN_OBJC_ROOT_CLASS = YES_ERROR;
				CLANG_WARN_UNREACHABLE_CODE = YES;
				CLANG_WARN__DUPLICATE_METHOD_MATCH = YES;
				"CODE_SIGN_IDENTITY[sdk=iphoneos*]" = "iPhone Developer";
				COPY_PHASE_STRIP = NO;
				DEBUG_INFORMATION_FORMAT = "dwarf-with-dsym";
				ENABLE_NS_ASSERTIONS = NO;
				ENABLE_STRICT_OBJC_MSGSEND = YES;
				GCC_C_LANGUAGE_STANDARD = gnu99;
				GCC_NO_COMMON_BLOCKS = YES;
				GCC_WARN_64_TO_32_BIT_CONVERSION = YES;
				GCC_WARN_ABOUT_RETURN_TYPE = YES_ERROR;
				GCC_WARN_UNDECLARED_SELECTOR = YES;
				GCC_WARN_UNINITIALIZED_AUTOS = YES_AGGRESSIVE;
				GCC_WARN_UNUSED_FUNCTION = YES;
				GCC_WARN_UNUSED_VARIABLE = YES;
				IPHONEOS_DEPLOYMENT_TARGET = 9.1;
				MTL_ENABLE_DEBUG_INFO = NO;
				SDKROOT = iphoneos;
				VALIDATE_PRODUCT = YES;
			};
			name = Release;
		};
		217B56EB1C868ED00077B23D /* Debug */ = {
			isa = XCBuildConfiguration;
			baseConfigurationReference = 257274644C6030719F03E7A3 /* Pods.debug.xcconfig */;
			buildSettings = {
				ASSETCATALOG_COMPILER_APPICON_NAME = AppIcon;
				INFOPLIST_FILE = smartemple/Info.plist;
				LD_RUNPATH_SEARCH_PATHS = "$(inherited) @executable_path/Frameworks";
				PRODUCT_BUNDLE_IDENTIFIER = "-.smartemple";
				PRODUCT_NAME = "$(TARGET_NAME)";
			};
			name = Debug;
		};
		217B56EC1C868ED00077B23D /* Release */ = {
			isa = XCBuildConfiguration;
			baseConfigurationReference = 5EFAD942A9BC0E795E5D5132 /* Pods.release.xcconfig */;
			buildSettings = {
				ASSETCATALOG_COMPILER_APPICON_NAME = AppIcon;
				INFOPLIST_FILE = smartemple/Info.plist;
				LD_RUNPATH_SEARCH_PATHS = "$(inherited) @executable_path/Frameworks";
				PRODUCT_BUNDLE_IDENTIFIER = "-.smartemple";
				PRODUCT_NAME = "$(TARGET_NAME)";
			};
			name = Release;
		};
		217B56EE1C868ED00077B23D /* Debug */ = {
			isa = XCBuildConfiguration;
			buildSettings = {
				BUNDLE_LOADER = "$(TEST_HOST)";
				INFOPLIST_FILE = smartempleTests/Info.plist;
				LD_RUNPATH_SEARCH_PATHS = "$(inherited) @executable_path/Frameworks @loader_path/Frameworks";
				PRODUCT_BUNDLE_IDENTIFIER = "-.smartempleTests";
				PRODUCT_NAME = "$(TARGET_NAME)";
				TEST_HOST = "$(BUILT_PRODUCTS_DIR)/smartemple.app/smartemple";
			};
			name = Debug;
		};
		217B56EF1C868ED00077B23D /* Release */ = {
			isa = XCBuildConfiguration;
			buildSettings = {
				BUNDLE_LOADER = "$(TEST_HOST)";
				INFOPLIST_FILE = smartempleTests/Info.plist;
				LD_RUNPATH_SEARCH_PATHS = "$(inherited) @executable_path/Frameworks @loader_path/Frameworks";
				PRODUCT_BUNDLE_IDENTIFIER = "-.smartempleTests";
				PRODUCT_NAME = "$(TARGET_NAME)";
				TEST_HOST = "$(BUILT_PRODUCTS_DIR)/smartemple.app/smartemple";
			};
			name = Release;
		};
		217B56F11C868ED00077B23D /* Debug */ = {
			isa = XCBuildConfiguration;
			buildSettings = {
				INFOPLIST_FILE = smartempleUITests/Info.plist;
				LD_RUNPATH_SEARCH_PATHS = "$(inherited) @executable_path/Frameworks @loader_path/Frameworks";
				PRODUCT_BUNDLE_IDENTIFIER = "-.smartempleUITests";
				PRODUCT_NAME = "$(TARGET_NAME)";
				TEST_TARGET_NAME = smartemple;
				USES_XCTRUNNER = YES;
			};
			name = Debug;
		};
		217B56F21C868ED00077B23D /* Release */ = {
			isa = XCBuildConfiguration;
			buildSettings = {
				INFOPLIST_FILE = smartempleUITests/Info.plist;
				LD_RUNPATH_SEARCH_PATHS = "$(inherited) @executable_path/Frameworks @loader_path/Frameworks";
				PRODUCT_BUNDLE_IDENTIFIER = "-.smartempleUITests";
				PRODUCT_NAME = "$(TARGET_NAME)";
				TEST_TARGET_NAME = smartemple;
				USES_XCTRUNNER = YES;
			};
			name = Release;
		};
/* End XCBuildConfiguration section */

/* Begin XCConfigurationList section */
		217B56B81C868ED00077B23D /* Build configuration list for PBXProject "smartemple" */ = {
			isa = XCConfigurationList;
			buildConfigurations = (
				217B56E81C868ED00077B23D /* Debug */,
				217B56E91C868ED00077B23D /* Release */,
			);
			defaultConfigurationIsVisible = 0;
			defaultConfigurationName = Release;
		};
		217B56EA1C868ED00077B23D /* Build configuration list for PBXNativeTarget "smartemple" */ = {
			isa = XCConfigurationList;
			buildConfigurations = (
				217B56EB1C868ED00077B23D /* Debug */,
				217B56EC1C868ED00077B23D /* Release */,
			);
			defaultConfigurationIsVisible = 0;
			defaultConfigurationName = Release;
		};
		217B56ED1C868ED00077B23D /* Build configuration list for PBXNativeTarget "smartempleTests" */ = {
			isa = XCConfigurationList;
			buildConfigurations = (
				217B56EE1C868ED00077B23D /* Debug */,
				217B56EF1C868ED00077B23D /* Release */,
			);
			defaultConfigurationIsVisible = 0;
			defaultConfigurationName = Release;
		};
		217B56F01C868ED00077B23D /* Build configuration list for PBXNativeTarget "smartempleUITests" */ = {
			isa = XCConfigurationList;
			buildConfigurations = (
				217B56F11C868ED00077B23D /* Debug */,
				217B56F21C868ED00077B23D /* Release */,
			);
			defaultConfigurationIsVisible = 0;
			defaultConfigurationName = Release;
		};
/* End XCConfigurationList section */
	};
	rootObject = 217B56B51C868ED00077B23D /* Project object */;
}
